
Microsoft Visual Studio Solution File, Format Version 12.00
# Visual Studio 15
Project("{D954291E-2A0B-460D-934E-DC6B0785DB48}") = "PixelPaint", "PixelPaint\PixelPaint.shproj", "{727EC8E7-F03A-4D0E-A7E1-FD379D4B955F}"
EndProject
Project("{FAE04EC0-301F-11D3-BF4B-00C04F79EFBC}") = "PixelPaint.Droid", "Droid\PixelPaint.Droid.csproj", "{E0D48002-C813-40A2-8093-0F7B018EEF08}"
EndProject
Project("{FAE04EC0-301F-11D3-BF4B-00C04F79EFBC}") = "PixelPaint.iOS", "iOS\PixelPaint.iOS.csproj", "{67B47857-A2CA-4DE7-BAC8-4565C381104A}"
EndProject
Global
	GlobalSection(SolutionConfigurationPlatforms) = preSolution
		Debug|Any CPU = Debug|Any CPU
		Release|Any CPU = Release|Any CPU
		Debug|iPhoneSimulator = Debug|iPhoneSimulator
		Release|iPhone = Release|iPhone
		Release|iPhoneSimulator = Release|iPhoneSimulator
		Debug|iPhone = Debug|iPhone
	EndGlobalSection
	GlobalSection(ProjectConfigurationPlatforms) = postSolution
		{E0D48002-C813-40A2-8093-0F7B018EEF08}.Debug|Any CPU.ActiveCfg = Debug|Any CPU
		{E0D48002-C813-40A2-8093-0F7B018EEF08}.Debug|Any CPU.Build.0 = Debug|Any CPU
		{E0D48002-C813-40A2-8093-0F7B018EEF08}.Release|Any CPU.ActiveCfg = Release|Any CPU
		{E0D48002-C813-40A2-8093-0F7B018EEF08}.Release|Any CPU.Build.0 = Release|Any CPU
		{E0D48002-C813-40A2-8093-0F7B018EEF08}.Debug|iPhoneSimulator.ActiveCfg = Debug|Any CPU
		{E0D48002-C813-40A2-8093-0F7B018EEF08}.Debug|iPhoneSimulator.Build.0 = Debug|Any CPU
		{E0D48002-C813-40A2-8093-0F7B018EEF08}.Release|iPhone.ActiveCfg = Release|Any CPU
		{E0D48002-C813-40A2-8093-0F7B018EEF08}.Release|iPhone.Build.0 = Release|Any CPU
		{E0D48002-C813-40A2-8093-0F7B018EEF08}.Release|iPhoneSimulator.ActiveCfg = Release|Any CPU
		{E0D48002-C813-40A2-8093-0F7B018EEF08}.Release|iPhoneSimulator.Build.0 = Release|Any CPU
		{E0D48002-C813-40A2-8093-0F7B018EEF08}.Debug|iPhone.ActiveCfg = Debug|Any CPU
		{E0D48002-C813-40A2-8093-0F7B018EEF08}.Debug|iPhone.Build.0 = Debug|Any CPU
		{67B47857-A2CA-4DE7-BAC8-4565C381104A}.Debug|Any CPU.ActiveCfg = Debug|iPhoneSimulator
		{67B47857-A2CA-4DE7-BAC8-4565C381104A}.Debug|Any CPU.Build.0 = Debug|iPhoneSimulator
		{67B47857-A2CA-4DE7-BAC8-4565C381104A}.Release|Any CPU.ActiveCfg = Release|iPhone
		{67B47857-A2CA-4DE7-BAC8-4565C381104A}.Release|Any CPU.Build.0 = Release|iPhone
		{67B47857-A2CA-4DE7-BAC8-4565C381104A}.Debug|iPhoneSimulator.ActiveCfg = Debug|iPhoneSimulator
		{67B47857-A2CA-4DE7-BAC8-4565C381104A}.Debug|iPhoneSimulator.Build.0 = Debug|iPhoneSimulator
		{67B47857-A2CA-4DE7-BAC8-4565C381104A}.Release|iPhone.ActiveCfg = Release|iPhone
		{67B47857-A2CA-4DE7-BAC8-4565C381104A}.Release|iPhone.Build.0 = Release|iPhone
		{67B47857-A2CA-4DE7-BAC8-4565C381104A}.Release|iPhoneSimulator.ActiveCfg = Release|iPhoneSimulator
		{67B47857-A2CA-4DE7-BAC8-4565C381104A}.Release|iPhoneSimulator.Build.0 = Release|iPhoneSimulator
		{67B47857-A2CA-4DE7-BAC8-4565C381104A}.Debug|iPhone.ActiveCfg = Debug|iPhone
		{67B47857-A2CA-4DE7-BAC8-4565C381104A}.Debug|iPhone.Build.0 = Debug|iPhone
	EndGlobalSection
EndGlobal
