// !$*UTF8*$!
{
	archiveVersion = 1;
	classes = {
	};
	objectVersion = 48;
	objects = {

/* Begin PBXBuildFile section */
		717A92D527A376E71A7E506F /* Pods_GoogleRouteDemo.framework in Frameworks */ = {isa = PBXBuildFile; fileRef = 8A9FFD91E71DD35C0557640F /* Pods_GoogleRouteDemo.framework */; };
		CF28F800206B206400EF047C /* Ext.swift in Sources */ = {isa = PBXBuildFile; fileRef = CF28F7FF206B206400EF047C /* Ext.swift */; };
		CF6F4D49206755850058B0A0 /* AppDelegate.swift in Sources */ = {isa = PBXBuildFile; fileRef = CF6F4D48206755850058B0A0 /* AppDelegate.swift */; };
		CF6F4D4B206755850058B0A0 /* ViewController.swift in Sources */ = {isa = PBXBuildFile; fileRef = CF6F4D4A206755850058B0A0 /* ViewController.swift */; };
		CF6F4D4E206755850058B0A0 /* Main.storyboard in Resources */ = {isa = PBXBuildFile; fileRef = CF6F4D4C206755850058B0A0 /* Main.storyboard */; };
		CF6F4D50206755850058B0A0 /* Assets.xcassets in Resources */ = {isa = PBXBuildFile; fileRef = CF6F4D4F206755850058B0A0 /* Assets.xcassets */; };
		CF6F4D53206755850058B0A0 /* LaunchScreen.storyboard in Resources */ = {isa = PBXBuildFile; fileRef = CF6F4D51206755850058B0A0 /* LaunchScreen.storyboard */; };
		CF6F4D5B20675B510058B0A0 /* GoogleCredentianals.swift in Sources */ = {isa = PBXBuildFile; fileRef = CF6F4D5A20675B510058B0A0 /* GoogleCredentianals.swift */; };
		CFED5AFF206C72A100DFF770 /* ARViewController.swift in Sources */ = {isa = PBXBuildFile; fileRef = CFED5AFE206C72A100DFF770 /* ARViewController.swift */; };
/* End PBXBuildFile section */

/* Begin PBXFileReference section */
		4D665A3876948C53524E2115 /* Pods-GoogleRouteDemo.release.xcconfig */ = {isa = PBXFileReference; includeInIndex = 1; lastKnownFileType = text.xcconfig; name = "Pods-GoogleRouteDemo.release.xcconfig"; path = "Pods/Target Support Files/Pods-GoogleRouteDemo/Pods-GoogleRouteDemo.release.xcconfig"; sourceTree = "<group>"; };
		8A9FFD91E71DD35C0557640F /* Pods_GoogleRouteDemo.framework */ = {isa = PBXFileReference; explicitFileType = wrapper.framework; includeInIndex = 0; path = Pods_GoogleRouteDemo.framework; sourceTree = BUILT_PRODUCTS_DIR; };
		98753FB9689DCC705971E2A5 /* Pods-GoogleRouteDemo.debug.xcconfig */ = {isa = PBXFileReference; includeInIndex = 1; lastKnownFileType = text.xcconfig; name = "Pods-GoogleRouteDemo.debug.xcconfig"; path = "Pods/Target Support Files/Pods-GoogleRouteDemo/Pods-GoogleRouteDemo.debug.xcconfig"; sourceTree = "<group>"; };
		CF28F7FF206B206400EF047C /* Ext.swift */ = {isa = PBXFileReference; lastKnownFileType = sourcecode.swift; path = Ext.swift; sourceTree = "<group>"; };
		CF6F4D45206755850058B0A0 /* GoogleRouteDemo.app */ = {isa = PBXFileReference; explicitFileType = wrapper.application; includeInIndex = 0; path = GoogleRouteDemo.app; sourceTree = BUILT_PRODUCTS_DIR; };
		CF6F4D48206755850058B0A0 /* AppDelegate.swift */ = {isa = PBXFileReference; lastKnownFileType = sourcecode.swift; path = AppDelegate.swift; sourceTree = "<group>"; };
		CF6F4D4A206755850058B0A0 /* ViewController.swift */ = {isa = PBXFileReference; lastKnownFileType = sourcecode.swift; path = ViewController.swift; sourceTree = "<group>"; };
		CF6F4D4D206755850058B0A0 /* Base */ = {isa = PBXFileReference; lastKnownFileType = file.storyboard; name = Base; path = Base.lproj/Main.storyboard; sourceTree = "<group>"; };
		CF6F4D4F206755850058B0A0 /* Assets.xcassets */ = {isa = PBXFileReference; lastKnownFileType = folder.assetcatalog; path = Assets.xcassets; sourceTree = "<group>"; };
		CF6F4D52206755850058B0A0 /* Base */ = {isa = PBXFileReference; lastKnownFileType = file.storyboard; name = Base; path = Base.lproj/LaunchScreen.storyboard; sourceTree = "<group>"; };
		CF6F4D54206755850058B0A0 /* Info.plist */ = {isa = PBXFileReference; lastKnownFileType = text.plist.xml; path = Info.plist; sourceTree = "<group>"; };
		CF6F4D5A20675B510058B0A0 /* GoogleCredentianals.swift */ = {isa = PBXFileReference; lastKnownFileType = sourcecode.swift; path = GoogleCredentianals.swift; sourceTree = "<group>"; };
		CFED5AFE206C72A100DFF770 /* ARViewController.swift */ = {isa = PBXFileReference; lastKnownFileType = sourcecode.swift; path = ARViewController.swift; sourceTree = "<group>"; };
/* End PBXFileReference section */

/* Begin PBXFrameworksBuildPhase section */
		CF6F4D42206755850058B0A0 /* Frameworks */ = {
			isa = PBXFrameworksBuildPhase;
			buildActionMask = 2147483647;
			files = (
				717A92D527A376E71A7E506F /* Pods_GoogleRouteDemo.framework in Frameworks */,
			);
			runOnlyForDeploymentPostprocessing = 0;
		};
/* End PBXFrameworksBuildPhase section */

/* Begin PBXGroup section */
		2E59169FB9D227A2394A3ECD /* Frameworks */ = {
			isa = PBXGroup;
			children = (
				8A9FFD91E71DD35C0557640F /* Pods_GoogleRouteDemo.framework */,
			);
			name = Frameworks;
			sourceTree = "<group>";
		};
		CF6F4D3C206755850058B0A0 = {
			isa = PBXGroup;
			children = (
				CF6F4D47206755850058B0A0 /* GoogleRouteDemo */,
				CF6F4D46206755850058B0A0 /* Products */,
				D7F743252A5E6E544007477F /* Pods */,
				2E59169FB9D227A2394A3ECD /* Frameworks */,
			);
			sourceTree = "<group>";
		};
		CF6F4D46206755850058B0A0 /* Products */ = {
			isa = PBXGroup;
			children = (
				CF6F4D45206755850058B0A0 /* GoogleRouteDemo.app */,
			);
			name = Products;
			sourceTree = "<group>";
		};
		CF6F4D47206755850058B0A0 /* GoogleRouteDemo */ = {
			isa = PBXGroup;
			children = (
				CF6F4D48206755850058B0A0 /* AppDelegate.swift */,
				CF6F4D4A206755850058B0A0 /* ViewController.swift */,
				CF6F4D4C206755850058B0A0 /* Main.storyboard */,
				CF6F4D4F206755850058B0A0 /* Assets.xcassets */,
				CF6F4D51206755850058B0A0 /* LaunchScreen.storyboard */,
				CF6F4D54206755850058B0A0 /* Info.plist */,
				CF6F4D5A20675B510058B0A0 /* GoogleCredentianals.swift */,
				CF28F7FF206B206400EF047C /* Ext.swift */,
				CFED5AFE206C72A100DFF770 /* ARViewController.swift */,
			);
			path = GoogleRouteDemo;
			sourceTree = "<group>";
		};
		D7F743252A5E6E544007477F /* Pods */ = {
			isa = PBXGroup;
			children = (
				98753FB9689DCC705971E2A5 /* Pods-GoogleRouteDemo.debug.xcconfig */,
				4D665A3876948C53524E2115 /* Pods-GoogleRouteDemo.release.xcconfig */,
			);
			name = Pods;
			sourceTree = "<group>";
		};
/* End PBXGroup section */

/* Begin PBXNativeTarget section */
		CF6F4D44206755850058B0A0 /* GoogleRouteDemo */ = {
			isa = PBXNativeTarget;
			buildConfigurationList = CF6F4D57206755850058B0A0 /* Build configuration list for PBXNativeTarget "GoogleRouteDemo" */;
			buildPhases = (
				A57CE282AC4EAFF061B8459E /* [CP] Check Pods Manifest.lock */,
				CF6F4D41206755850058B0A0 /* Sources */,
				CF6F4D42206755850058B0A0 /* Frameworks */,
				CF6F4D43206755850058B0A0 /* Resources */,
				5F9FAB09EC8BCAAF53C2AABA /* [CP] Embed Pods Frameworks */,
				CA446A7C592C1EE80682B036 /* [CP] Copy Pods Resources */,
			);
			buildRules = (
			);
			dependencies = (
			);
			name = GoogleRouteDemo;
			productName = GoogleRouteDemo;
			productReference = CF6F4D45206755850058B0A0 /* GoogleRouteDemo.app */;
			productType = "com.apple.product-type.application";
		};
/* End PBXNativeTarget section */

/* Begin PBXProject section */
		CF6F4D3D206755850058B0A0 /* Project object */ = {
			isa = PBXProject;
			attributes = {
				LastSwiftUpdateCheck = 0920;
				LastUpgradeCheck = 0920;
				ORGANIZATIONNAME = "Nikolai Baklanov";
				TargetAttributes = {
					CF6F4D44206755850058B0A0 = {
						CreatedOnToolsVersion = 9.2;
						ProvisioningStyle = Automatic;
					};
				};
			};
			buildConfigurationList = CF6F4D40206755850058B0A0 /* Build configuration list for PBXProject "GoogleRouteDemo" */;
			compatibilityVersion = "Xcode 8.0";
			developmentRegion = en;
			hasScannedForEncodings = 0;
			knownRegions = (
				en,
				Base,
			);
			mainGroup = CF6F4D3C206755850058B0A0;
			productRefGroup = CF6F4D46206755850058B0A0 /* Products */;
			projectDirPath = "";
			projectRoot = "";
			targets = (
				CF6F4D44206755850058B0A0 /* GoogleRouteDemo */,
			);
		};
/* End PBXProject section */

/* Begin PBXResourcesBuildPhase section */
		CF6F4D43206755850058B0A0 /* Resources */ = {
			isa = PBXResourcesBuildPhase;
			buildActionMask = 2147483647;
			files = (
				CF6F4D53206755850058B0A0 /* LaunchScreen.storyboard in Resources */,
				CF6F4D50206755850058B0A0 /* Assets.xcassets in Resources */,
				CF6F4D4E206755850058B0A0 /* Main.storyboard in Resources */,
			);
			runOnlyForDeploymentPostprocessing = 0;
		};
/* End PBXResourcesBuildPhase section */

/* Begin PBXShellScriptBuildPhase section */
		5F9FAB09EC8BCAAF53C2AABA /* [CP] Embed Pods Frameworks */ = {
			isa = PBXShellScriptBuildPhase;
			buildActionMask = 2147483647;
			files = (
			);
			inputPaths = (
				"${SRCROOT}/Pods/Target Support Files/Pods-GoogleRouteDemo/Pods-GoogleRouteDemo-frameworks.sh",
				"${BUILT_PRODUCTS_DIR}/ARCL/ARCL.framework",
				"${BUILT_PRODUCTS_DIR}/Alamofire/Alamofire.framework",
				"${BUILT_PRODUCTS_DIR}/SwiftyJSON/SwiftyJSON.framework",
			);
			name = "[CP] Embed Pods Frameworks";
			outputPaths = (
				"${TARGET_BUILD_DIR}/${FRAMEWORKS_FOLDER_PATH}/ARCL.framework",
				"${TARGET_BUILD_DIR}/${FRAMEWORKS_FOLDER_PATH}/Alamofire.framework",
				"${TARGET_BUILD_DIR}/${FRAMEWORKS_FOLDER_PATH}/SwiftyJSON.framework",
			);
			runOnlyForDeploymentPostprocessing = 0;
			shellPath = /bin/sh;
			shellScript = "\"${SRCROOT}/Pods/Target Support Files/Pods-GoogleRouteDemo/Pods-GoogleRouteDemo-frameworks.sh\"\n";
			showEnvVarsInLog = 0;
		};
		A57CE282AC4EAFF061B8459E /* [CP] Check Pods Manifest.lock */ = {
			isa = PBXShellScriptBuildPhase;
			buildActionMask = 2147483647;
			files = (
			);
			inputPaths = (
				"${PODS_PODFILE_DIR_PATH}/Podfile.lock",
				"${PODS_ROOT}/Manifest.lock",
			);
			name = "[CP] Check Pods Manifest.lock";
			outputPaths = (
				"$(DERIVED_FILE_DIR)/Pods-GoogleRouteDemo-checkManifestLockResult.txt",
			);
			runOnlyForDeploymentPostprocessing = 0;
			shellPath = /bin/sh;
			shellScript = "diff \"${PODS_PODFILE_DIR_PATH}/Podfile.lock\" \"${PODS_ROOT}/Manifest.lock\" > /dev/null\nif [ $? != 0 ] ; then\n    # print error to STDERR\n    echo \"error: The sandbox is not in sync with the Podfile.lock. Run 'pod install' or update your CocoaPods installation.\" >&2\n    exit 1\nfi\n# This output is used by Xcode 'outputs' to avoid re-running this script phase.\necho \"SUCCESS\" > \"${SCRIPT_OUTPUT_FILE_0}\"\n";
			showEnvVarsInLog = 0;
		};
		CA446A7C592C1EE80682B036 /* [CP] Copy Pods Resources */ = {
			isa = PBXShellScriptBuildPhase;
			buildActionMask = 2147483647;
			files = (
			);
			inputPaths = (
				"${SRCROOT}/Pods/Target Support Files/Pods-GoogleRouteDemo/Pods-GoogleRouteDemo-resources.sh",
				"${PODS_ROOT}/GoogleMaps/Maps/Frameworks/GoogleMaps.framework/Resources/GoogleMaps.bundle",
				"${PODS_ROOT}/GooglePlaces/Frameworks/GooglePlaces.framework/Resources/GooglePlaces.bundle",
			);
			name = "[CP] Copy Pods Resources";
			outputPaths = (
				"${TARGET_BUILD_DIR}/${UNLOCALIZED_RESOURCES_FOLDER_PATH}",
			);
			runOnlyForDeploymentPostprocessing = 0;
			shellPath = /bin/sh;
			shellScript = "\"${SRCROOT}/Pods/Target Support Files/Pods-GoogleRouteDemo/Pods-GoogleRouteDemo-resources.sh\"\n";
			showEnvVarsInLog = 0;
		};
/* End PBXShellScriptBuildPhase section */

/* Begin PBXSourcesBuildPhase section */
		CF6F4D41206755850058B0A0 /* Sources */ = {
			isa = PBXSourcesBuildPhase;
			buildActionMask = 2147483647;
			files = (
				CF6F4D5B20675B510058B0A0 /* GoogleCredentianals.swift in Sources */,
				CF28F800206B206400EF047C /* Ext.swift in Sources */,
				CF6F4D4B206755850058B0A0 /* ViewController.swift in Sources */,
				CF6F4D49206755850058B0A0 /* AppDelegate.swift in Sources */,
				CFED5AFF206C72A100DFF770 /* ARViewController.swift in Sources */,
			);
			runOnlyForDeploymentPostprocessing = 0;
		};
/* End PBXSourcesBuildPhase section */

/* Begin PBXVariantGroup section */
		CF6F4D4C206755850058B0A0 /* Main.storyboard */ = {
			isa = PBXVariantGroup;
			children = (
				CF6F4D4D206755850058B0A0 /* Base */,
			);
			name = Main.storyboard;
			sourceTree = "<group>";
		};
		CF6F4D51206755850058B0A0 /* LaunchScreen.storyboard */ = {
			isa = PBXVariantGroup;
			children = (
				CF6F4D52206755850058B0A0 /* Base */,
			);
			name = LaunchScreen.storyboard;
			sourceTree = "<group>";
		};
/* End PBXVariantGroup section */

/* Begin XCBuildConfiguration section */
		CF6F4D55206755850058B0A0 /* Debug */ = {
			isa = XCBuildConfiguration;
			buildSettings = {
				ALWAYS_SEARCH_USER_PATHS = NO;
				CLANG_ANALYZER_NONNULL = YES;
				CLANG_ANALYZER_NUMBER_OBJECT_CONVERSION = YES_AGGRESSIVE;
				CLANG_CXX_LANGUAGE_STANDARD = "gnu++14";
				CLANG_CXX_LIBRARY = "libc++";
				CLANG_ENABLE_MODULES = YES;
				CLANG_ENABLE_OBJC_ARC = YES;
				CLANG_WARN_BLOCK_CAPTURE_AUTORELEASING = YES;
				CLANG_WARN_BOOL_CONVERSION = YES;
				CLANG_WARN_COMMA = YES;
				CLANG_WARN_CONSTANT_CONVERSION = YES;
				CLANG_WARN_DIRECT_OBJC_ISA_USAGE = YES_ERROR;
				CLANG_WARN_DOCUMENTATION_COMMENTS = YES;
				CLANG_WARN_EMPTY_BODY = YES;
				CLANG_WARN_ENUM_CONVERSION = YES;
				CLANG_WARN_INFINITE_RECURSION = YES;
				CLANG_WARN_INT_CONVERSION = YES;
				CLANG_WARN_NON_LITERAL_NULL_CONVERSION = YES;
				CLANG_WARN_OBJC_LITERAL_CONVERSION = YES;
				CLANG_WARN_OBJC_ROOT_CLASS = YES_ERROR;
				CLANG_WARN_RANGE_LOOP_ANALYSIS = YES;
				CLANG_WARN_STRICT_PROTOTYPES = YES;
				CLANG_WARN_SUSPICIOUS_MOVE = YES;
				CLANG_WARN_UNGUARDED_AVAILABILITY = YES_AGGRESSIVE;
				CLANG_WARN_UNREACHABLE_CODE = YES;
				CLANG_WARN__DUPLICATE_METHOD_MATCH = YES;
				CODE_SIGN_IDENTITY = "iPhone Developer";
				COPY_PHASE_STRIP = NO;
				DEBUG_INFORMATION_FORMAT = dwarf;
				ENABLE_STRICT_OBJC_MSGSEND = YES;
				ENABLE_TESTABILITY = YES;
				GCC_C_LANGUAGE_STANDARD = gnu11;
				GCC_DYNAMIC_NO_PIC = NO;
				GCC_NO_COMMON_BLOCKS = YES;
				GCC_OPTIMIZATION_LEVEL = 0;
				GCC_PREPROCESSOR_DEFINITIONS = (
					"DEBUG=1",
					"$(inherited)",
				);
				GCC_WARN_64_TO_32_BIT_CONVERSION = YES;
				GCC_WARN_ABOUT_RETURN_TYPE = YES_ERROR;
				GCC_WARN_UNDECLARED_SELECTOR = YES;
				GCC_WARN_UNINITIALIZED_AUTOS = YES_AGGRESSIVE;
				GCC_WARN_UNUSED_FUNCTION = YES;
				GCC_WARN_UNUSED_VARIABLE = YES;
				IPHONEOS_DEPLOYMENT_TARGET = 11.2;
				MTL_ENABLE_DEBUG_INFO = YES;
				ONLY_ACTIVE_ARCH = YES;
				SDKROOT = iphoneos;
				SWIFT_ACTIVE_COMPILATION_CONDITIONS = DEBUG;
				SWIFT_OPTIMIZATION_LEVEL = "-Onone";
			};
			name = Debug;
		};
		CF6F4D56206755850058B0A0 /* Release */ = {
			isa = XCBuildConfiguration;
			buildSettings = {
				ALWAYS_SEARCH_USER_PATHS = NO;
				CLANG_ANALYZER_NONNULL = YES;
				CLANG_ANALYZER_NUMBER_OBJECT_CONVERSION = YES_AGGRESSIVE;
				CLANG_CXX_LANGUAGE_STANDARD = "gnu++14";
				CLANG_CXX_LIBRARY = "libc++";
				CLANG_ENABLE_MODULES = YES;
				CLANG_ENABLE_OBJC_ARC = YES;
				CLANG_WARN_BLOCK_CAPTURE_AUTORELEASING = YES;
				CLANG_WARN_BOOL_CONVERSION = YES;
				CLANG_WARN_COMMA = YES;
				CLANG_WARN_CONSTANT_CONVERSION = YES;
				CLANG_WARN_DIRECT_OBJC_ISA_USAGE = YES_ERROR;
				CLANG_WARN_DOCUMENTATION_COMMENTS = YES;
				CLANG_WARN_EMPTY_BODY = YES;
				CLANG_WARN_ENUM_CONVERSION = YES;
				CLANG_WARN_INFINITE_RECURSION = YES;
				CLANG_WARN_INT_CONVERSION = YES;
				CLANG_WARN_NON_LITERAL_NULL_CONVERSION = YES;
				CLANG_WARN_OBJC_LITERAL_CONVERSION = YES;
				CLANG_WARN_OBJC_ROOT_CLASS = YES_ERROR;
				CLANG_WARN_RANGE_LOOP_ANALYSIS = YES;
				CLANG_WARN_STRICT_PROTOTYPES = YES;
				CLANG_WARN_SUSPICIOUS_MOVE = YES;
				CLANG_WARN_UNGUARDED_AVAILABILITY = YES_AGGRESSIVE;
				CLANG_WARN_UNREACHABLE_CODE = YES;
				CLANG_WARN__DUPLICATE_METHOD_MATCH = YES;
				CODE_SIGN_IDENTITY = "iPhone Developer";
				COPY_PHASE_STRIP = NO;
				DEBUG_INFORMATION_FORMAT = "dwarf-with-dsym";
				ENABLE_NS_ASSERTIONS = NO;
				ENABLE_STRICT_OBJC_MSGSEND = YES;
				GCC_C_LANGUAGE_STANDARD = gnu11;
				GCC_NO_COMMON_BLOCKS = YES;
				GCC_WARN_64_TO_32_BIT_CONVERSION = YES;
				GCC_WARN_ABOUT_RETURN_TYPE = YES_ERROR;
				GCC_WARN_UNDECLARED_SELECTOR = YES;
				GCC_WARN_UNINITIALIZED_AUTOS = YES_AGGRESSIVE;
				GCC_WARN_UNUSED_FUNCTION = YES;
				GCC_WARN_UNUSED_VARIABLE = YES;
				IPHONEOS_DEPLOYMENT_TARGET = 11.2;
				MTL_ENABLE_DEBUG_INFO = NO;
				SDKROOT = iphoneos;
				SWIFT_OPTIMIZATION_LEVEL = "-Owholemodule";
				VALIDATE_PRODUCT = YES;
			};
			name = Release;
		};
		CF6F4D58206755850058B0A0 /* Debug */ = {
			isa = XCBuildConfiguration;
			baseConfigurationReference = 98753FB9689DCC705971E2A5 /* Pods-GoogleRouteDemo.debug.xcconfig */;
			buildSettings = {
				ASSETCATALOG_COMPILER_APPICON_NAME = AppIcon;
				CODE_SIGN_STYLE = Automatic;
				DEVELOPMENT_TEAM = ZWXN4J2VCP;
				INFOPLIST_FILE = GoogleRouteDemo/Info.plist;
				LD_RUNPATH_SEARCH_PATHS = "$(inherited) @executable_path/Frameworks";
				PRODUCT_BUNDLE_IDENTIFIER = com.nikolai;
				PRODUCT_NAME = "$(TARGET_NAME)";
				SWIFT_VERSION = 4.0;
				TARGETED_DEVICE_FAMILY = "1,2";
			};
			name = Debug;
		};
		CF6F4D59206755850058B0A0 /* Release */ = {
			isa = XCBuildConfiguration;
			baseConfigurationReference = 4D665A3876948C53524E2115 /* Pods-GoogleRouteDemo.release.xcconfig */;
			buildSettings = {
				ASSETCATALOG_COMPILER_APPICON_NAME = AppIcon;
				CODE_SIGN_STYLE = Automatic;
				DEVELOPMENT_TEAM = ZWXN4J2VCP;
				INFOPLIST_FILE = GoogleRouteDemo/Info.plist;
				LD_RUNPATH_SEARCH_PATHS = "$(inherited) @executable_path/Frameworks";
				PRODUCT_BUNDLE_IDENTIFIER = com.nikolai;
				PRODUCT_NAME = "$(TARGET_NAME)";
				SWIFT_VERSION = 4.0;
				TARGETED_DEVICE_FAMILY = "1,2";
			};
			name = Release;
		};
/* End XCBuildConfiguration section */

/* Begin XCConfigurationList section */
		CF6F4D40206755850058B0A0 /* Build configuration list for PBXProject "GoogleRouteDemo" */ = {
			isa = XCConfigurationList;
			buildConfigurations = (
				CF6F4D55206755850058B0A0 /* Debug */,
				CF6F4D56206755850058B0A0 /* Release */,
			);
			defaultConfigurationIsVisible = 0;
			defaultConfigurationName = Release;
		};
		CF6F4D57206755850058B0A0 /* Build configuration list for PBXNativeTarget "GoogleRouteDemo" */ = {
			isa = XCConfigurationList;
			buildConfigurations = (
				CF6F4D58206755850058B0A0 /* Debug */,
				CF6F4D59206755850058B0A0 /* Release */,
			);
			defaultConfigurationIsVisible = 0;
			defaultConfigurationName = Release;
		};
/* End XCConfigurationList section */
	};
	rootObject = CF6F4D3D206755850058B0A0 /* Project object */;
}
