// !$*UTF8*$!
{
	archiveVersion = 1;
	classes = {
	};
	objectVersion = 46;
	objects = {

/* Begin PBXBuildFile section */
		CF4C68111F4C86C1004829CD /* main.m in Sources */ = {isa = PBXBuildFile; fileRef = CF4C68101F4C86C1004829CD /* main.m */; };
		CF4C68141F4C86C1004829CD /* AppDelegate.m in Sources */ = {isa = PBXBuildFile; fileRef = CF4C68131F4C86C1004829CD /* AppDelegate.m */; };
		CF4C68171F4C86C1004829CD /* ViewController.m in Sources */ = {isa = PBXBuildFile; fileRef = CF4C68161F4C86C1004829CD /* ViewController.m */; };
		CF4C681A1F4C86C1004829CD /* Main.storyboard in Resources */ = {isa = PBXBuildFile; fileRef = CF4C68181F4C86C1004829CD /* Main.storyboard */; };
		CF4C681C1F4C86C1004829CD /* Assets.xcassets in Resources */ = {isa = PBXBuildFile; fileRef = CF4C681B1F4C86C1004829CD /* Assets.xcassets */; };
		CF4C681F1F4C86C1004829CD /* LaunchScreen.storyboard in Resources */ = {isa = PBXBuildFile; fileRef = CF4C681D1F4C86C1004829CD /* LaunchScreen.storyboard */; };
		CF4C68281F4C876F004829CD /* Profiler.m in Sources */ = {isa = PBXBuildFile; fileRef = CF4C68261F4C876F004829CD /* Profiler.m */; };
		CF4C682E1F4C87A2004829CD /* ResultsModel.m in Sources */ = {isa = PBXBuildFile; fileRef = CF4C682D1F4C87A2004829CD /* ResultsModel.m */; };
		CF4C68331F4C87AE004829CD /* ComplicatedElement.m in Sources */ = {isa = PBXBuildFile; fileRef = CF4C68301F4C87AE004829CD /* ComplicatedElement.m */; };
		CF4C68341F4C87AE004829CD /* SimpleElement.m in Sources */ = {isa = PBXBuildFile; fileRef = CF4C68311F4C87AE004829CD /* SimpleElement.m */; };
		CF4C68381F4C87BA004829CD /* ResultCellTableViewCell.m in Sources */ = {isa = PBXBuildFile; fileRef = CF4C68351F4C87BA004829CD /* ResultCellTableViewCell.m */; };
		CF4C68391F4C87BA004829CD /* ResultCellTableViewCell.xib in Resources */ = {isa = PBXBuildFile; fileRef = CF4C68371F4C87BA004829CD /* ResultCellTableViewCell.xib */; };
/* End PBXBuildFile section */

/* Begin PBXFileReference section */
		CF4C680C1F4C86C1004829CD /* DictionaryExample.app */ = {isa = PBXFileReference; explicitFileType = wrapper.application; includeInIndex = 0; path = DictionaryExample.app; sourceTree = BUILT_PRODUCTS_DIR; };
		CF4C68101F4C86C1004829CD /* main.m */ = {isa = PBXFileReference; lastKnownFileType = sourcecode.c.objc; path = main.m; sourceTree = "<group>"; };
		CF4C68121F4C86C1004829CD /* AppDelegate.h */ = {isa = PBXFileReference; lastKnownFileType = sourcecode.c.h; path = AppDelegate.h; sourceTree = "<group>"; };
		CF4C68131F4C86C1004829CD /* AppDelegate.m */ = {isa = PBXFileReference; lastKnownFileType = sourcecode.c.objc; path = AppDelegate.m; sourceTree = "<group>"; };
		CF4C68151F4C86C1004829CD /* ViewController.h */ = {isa = PBXFileReference; lastKnownFileType = sourcecode.c.h; path = ViewController.h; sourceTree = "<group>"; };
		CF4C68161F4C86C1004829CD /* ViewController.m */ = {isa = PBXFileReference; lastKnownFileType = sourcecode.c.objc; path = ViewController.m; sourceTree = "<group>"; };
		CF4C68191F4C86C1004829CD /* Base */ = {isa = PBXFileReference; lastKnownFileType = file.storyboard; name = Base; path = Base.lproj/Main.storyboard; sourceTree = "<group>"; };
		CF4C681B1F4C86C1004829CD /* Assets.xcassets */ = {isa = PBXFileReference; lastKnownFileType = folder.assetcatalog; path = Assets.xcassets; sourceTree = "<group>"; };
		CF4C681E1F4C86C1004829CD /* Base */ = {isa = PBXFileReference; lastKnownFileType = file.storyboard; name = Base; path = Base.lproj/LaunchScreen.storyboard; sourceTree = "<group>"; };
		CF4C68201F4C86C1004829CD /* Info.plist */ = {isa = PBXFileReference; lastKnownFileType = text.plist.xml; path = Info.plist; sourceTree = "<group>"; };
		CF4C68261F4C876F004829CD /* Profiler.m */ = {isa = PBXFileReference; fileEncoding = 4; lastKnownFileType = sourcecode.c.objc; path = Profiler.m; sourceTree = "<group>"; };
		CF4C68271F4C876F004829CD /* Profiler.h */ = {isa = PBXFileReference; fileEncoding = 4; lastKnownFileType = sourcecode.c.h; path = Profiler.h; sourceTree = "<group>"; };
		CF4C682C1F4C87A2004829CD /* ResultsModel.h */ = {isa = PBXFileReference; fileEncoding = 4; lastKnownFileType = sourcecode.c.h; name = ResultsModel.h; path = Model/ResultsModel.h; sourceTree = "<group>"; };
		CF4C682D1F4C87A2004829CD /* ResultsModel.m */ = {isa = PBXFileReference; fileEncoding = 4; lastKnownFileType = sourcecode.c.objc; name = ResultsModel.m; path = Model/ResultsModel.m; sourceTree = "<group>"; };
		CF4C682F1F4C87AE004829CD /* ComplicatedElement.h */ = {isa = PBXFileReference; fileEncoding = 4; lastKnownFileType = sourcecode.c.h; name = ComplicatedElement.h; path = Elements/ComplicatedElement.h; sourceTree = "<group>"; };
		CF4C68301F4C87AE004829CD /* ComplicatedElement.m */ = {isa = PBXFileReference; fileEncoding = 4; lastKnownFileType = sourcecode.c.objc; name = ComplicatedElement.m; path = Elements/ComplicatedElement.m; sourceTree = "<group>"; };
		CF4C68311F4C87AE004829CD /* SimpleElement.m */ = {isa = PBXFileReference; fileEncoding = 4; lastKnownFileType = sourcecode.c.objc; name = SimpleElement.m; path = Elements/SimpleElement.m; sourceTree = "<group>"; };
		CF4C68321F4C87AE004829CD /* SimpleElement.h */ = {isa = PBXFileReference; fileEncoding = 4; lastKnownFileType = sourcecode.c.h; name = SimpleElement.h; path = Elements/SimpleElement.h; sourceTree = "<group>"; };
		CF4C68351F4C87BA004829CD /* ResultCellTableViewCell.m */ = {isa = PBXFileReference; fileEncoding = 4; lastKnownFileType = sourcecode.c.objc; name = ResultCellTableViewCell.m; path = UI/ResultCellTableViewCell.m; sourceTree = "<group>"; };
		CF4C68361F4C87BA004829CD /* ResultCellTableViewCell.h */ = {isa = PBXFileReference; fileEncoding = 4; lastKnownFileType = sourcecode.c.h; name = ResultCellTableViewCell.h; path = UI/ResultCellTableViewCell.h; sourceTree = "<group>"; };
		CF4C68371F4C87BA004829CD /* ResultCellTableViewCell.xib */ = {isa = PBXFileReference; fileEncoding = 4; lastKnownFileType = file.xib; name = ResultCellTableViewCell.xib; path = UI/ResultCellTableViewCell.xib; sourceTree = "<group>"; };
/* End PBXFileReference section */

/* Begin PBXFrameworksBuildPhase section */
		CF4C68091F4C86C1004829CD /* Frameworks */ = {
			isa = PBXFrameworksBuildPhase;
			buildActionMask = 2147483647;
			files = (
			);
			runOnlyForDeploymentPostprocessing = 0;
		};
/* End PBXFrameworksBuildPhase section */

/* Begin PBXGroup section */
		CF4C68031F4C86C0004829CD = {
			isa = PBXGroup;
			children = (
				CF4C680E1F4C86C1004829CD /* DictionaryExample */,
				CF4C680D1F4C86C1004829CD /* Products */,
			);
			sourceTree = "<group>";
		};
		CF4C680D1F4C86C1004829CD /* Products */ = {
			isa = PBXGroup;
			children = (
				CF4C680C1F4C86C1004829CD /* DictionaryExample.app */,
			);
			name = Products;
			sourceTree = "<group>";
		};
		CF4C680E1F4C86C1004829CD /* DictionaryExample */ = {
			isa = PBXGroup;
			children = (
				CF4C682B1F4C8786004829CD /* Model */,
				CF4C682A1F4C877A004829CD /* Elements */,
				CF4C68291F4C8773004829CD /* UI */,
				CF4C68261F4C876F004829CD /* Profiler.m */,
				CF4C68271F4C876F004829CD /* Profiler.h */,
				CF4C68121F4C86C1004829CD /* AppDelegate.h */,
				CF4C68131F4C86C1004829CD /* AppDelegate.m */,
				CF4C68151F4C86C1004829CD /* ViewController.h */,
				CF4C68161F4C86C1004829CD /* ViewController.m */,
				CF4C68181F4C86C1004829CD /* Main.storyboard */,
				CF4C681B1F4C86C1004829CD /* Assets.xcassets */,
				CF4C681D1F4C86C1004829CD /* LaunchScreen.storyboard */,
				CF4C68201F4C86C1004829CD /* Info.plist */,
				CF4C680F1F4C86C1004829CD /* Supporting Files */,
			);
			path = DictionaryExample;
			sourceTree = "<group>";
		};
		CF4C680F1F4C86C1004829CD /* Supporting Files */ = {
			isa = PBXGroup;
			children = (
				CF4C68101F4C86C1004829CD /* main.m */,
			);
			name = "Supporting Files";
			sourceTree = "<group>";
		};
		CF4C68291F4C8773004829CD /* UI */ = {
			isa = PBXGroup;
			children = (
				CF4C68351F4C87BA004829CD /* ResultCellTableViewCell.m */,
				CF4C68361F4C87BA004829CD /* ResultCellTableViewCell.h */,
				CF4C68371F4C87BA004829CD /* ResultCellTableViewCell.xib */,
			);
			name = UI;
			sourceTree = "<group>";
		};
		CF4C682A1F4C877A004829CD /* Elements */ = {
			isa = PBXGroup;
			children = (
				CF4C682F1F4C87AE004829CD /* ComplicatedElement.h */,
				CF4C68301F4C87AE004829CD /* ComplicatedElement.m */,
				CF4C68311F4C87AE004829CD /* SimpleElement.m */,
				CF4C68321F4C87AE004829CD /* SimpleElement.h */,
			);
			name = Elements;
			sourceTree = "<group>";
		};
		CF4C682B1F4C8786004829CD /* Model */ = {
			isa = PBXGroup;
			children = (
				CF4C682C1F4C87A2004829CD /* ResultsModel.h */,
				CF4C682D1F4C87A2004829CD /* ResultsModel.m */,
			);
			name = Model;
			sourceTree = "<group>";
		};
/* End PBXGroup section */

/* Begin PBXNativeTarget section */
		CF4C680B1F4C86C1004829CD /* DictionaryExample */ = {
			isa = PBXNativeTarget;
			buildConfigurationList = CF4C68231F4C86C1004829CD /* Build configuration list for PBXNativeTarget "DictionaryExample" */;
			buildPhases = (
				CF4C68081F4C86C1004829CD /* Sources */,
				CF4C68091F4C86C1004829CD /* Frameworks */,
				CF4C680A1F4C86C1004829CD /* Resources */,
			);
			buildRules = (
			);
			dependencies = (
			);
			name = DictionaryExample;
			productName = DictionaryExample;
			productReference = CF4C680C1F4C86C1004829CD /* DictionaryExample.app */;
			productType = "com.apple.product-type.application";
		};
/* End PBXNativeTarget section */

/* Begin PBXProject section */
		CF4C68041F4C86C0004829CD /* Project object */ = {
			isa = PBXProject;
			attributes = {
				LastUpgradeCheck = 0830;
				ORGANIZATIONNAME = Nikolai;
				TargetAttributes = {
					CF4C680B1F4C86C1004829CD = {
						CreatedOnToolsVersion = 8.3.3;
						DevelopmentTeam = ZWXN4J2VCP;
						ProvisioningStyle = Automatic;
					};
				};
			};
			buildConfigurationList = CF4C68071F4C86C0004829CD /* Build configuration list for PBXProject "DictionaryExample" */;
			compatibilityVersion = "Xcode 3.2";
			developmentRegion = English;
			hasScannedForEncodings = 0;
			knownRegions = (
				en,
				Base,
			);
			mainGroup = CF4C68031F4C86C0004829CD;
			productRefGroup = CF4C680D1F4C86C1004829CD /* Products */;
			projectDirPath = "";
			projectRoot = "";
			targets = (
				CF4C680B1F4C86C1004829CD /* DictionaryExample */,
			);
		};
/* End PBXProject section */

/* Begin PBXResourcesBuildPhase section */
		CF4C680A1F4C86C1004829CD /* Resources */ = {
			isa = PBXResourcesBuildPhase;
			buildActionMask = 2147483647;
			files = (
				CF4C681F1F4C86C1004829CD /* LaunchScreen.storyboard in Resources */,
				CF4C681C1F4C86C1004829CD /* Assets.xcassets in Resources */,
				CF4C68391F4C87BA004829CD /* ResultCellTableViewCell.xib in Resources */,
				CF4C681A1F4C86C1004829CD /* Main.storyboard in Resources */,
			);
			runOnlyForDeploymentPostprocessing = 0;
		};
/* End PBXResourcesBuildPhase section */

/* Begin PBXSourcesBuildPhase section */
		CF4C68081F4C86C1004829CD /* Sources */ = {
			isa = PBXSourcesBuildPhase;
			buildActionMask = 2147483647;
			files = (
				CF4C68331F4C87AE004829CD /* ComplicatedElement.m in Sources */,
				CF4C682E1F4C87A2004829CD /* ResultsModel.m in Sources */,
				CF4C68281F4C876F004829CD /* Profiler.m in Sources */,
				CF4C68171F4C86C1004829CD /* ViewController.m in Sources */,
				CF4C68141F4C86C1004829CD /* AppDelegate.m in Sources */,
				CF4C68341F4C87AE004829CD /* SimpleElement.m in Sources */,
				CF4C68381F4C87BA004829CD /* ResultCellTableViewCell.m in Sources */,
				CF4C68111F4C86C1004829CD /* main.m in Sources */,
			);
			runOnlyForDeploymentPostprocessing = 0;
		};
/* End PBXSourcesBuildPhase section */

/* Begin PBXVariantGroup section */
		CF4C68181F4C86C1004829CD /* Main.storyboard */ = {
			isa = PBXVariantGroup;
			children = (
				CF4C68191F4C86C1004829CD /* Base */,
			);
			name = Main.storyboard;
			sourceTree = "<group>";
		};
		CF4C681D1F4C86C1004829CD /* LaunchScreen.storyboard */ = {
			isa = PBXVariantGroup;
			children = (
				CF4C681E1F4C86C1004829CD /* Base */,
			);
			name = LaunchScreen.storyboard;
			sourceTree = "<group>";
		};
/* End PBXVariantGroup section */

/* Begin XCBuildConfiguration section */
		CF4C68211F4C86C1004829CD /* Debug */ = {
			isa = XCBuildConfiguration;
			buildSettings = {
				ALWAYS_SEARCH_USER_PATHS = NO;
				CLANG_ANALYZER_NONNULL = YES;
				CLANG_ANALYZER_NUMBER_OBJECT_CONVERSION = YES_AGGRESSIVE;
				CLANG_CXX_LANGUAGE_STANDARD = "gnu++0x";
				CLANG_CXX_LIBRARY = "libc++";
				CLANG_ENABLE_MODULES = YES;
				CLANG_ENABLE_OBJC_ARC = YES;
				CLANG_WARN_BOOL_CONVERSION = YES;
				CLANG_WARN_CONSTANT_CONVERSION = YES;
				CLANG_WARN_DIRECT_OBJC_ISA_USAGE = YES_ERROR;
				CLANG_WARN_DOCUMENTATION_COMMENTS = YES;
				CLANG_WARN_EMPTY_BODY = YES;
				CLANG_WARN_ENUM_CONVERSION = YES;
				CLANG_WARN_INFINITE_RECURSION = YES;
				CLANG_WARN_INT_CONVERSION = YES;
				CLANG_WARN_OBJC_ROOT_CLASS = YES_ERROR;
				CLANG_WARN_SUSPICIOUS_MOVE = YES;
				CLANG_WARN_UNREACHABLE_CODE = YES;
				CLANG_WARN__DUPLICATE_METHOD_MATCH = YES;
				"CODE_SIGN_IDENTITY[sdk=iphoneos*]" = "iPhone Developer";
				COPY_PHASE_STRIP = NO;
				DEBUG_INFORMATION_FORMAT = dwarf;
				ENABLE_STRICT_OBJC_MSGSEND = YES;
				ENABLE_TESTABILITY = YES;
				GCC_C_LANGUAGE_STANDARD = gnu99;
				GCC_DYNAMIC_NO_PIC = NO;
				GCC_NO_COMMON_BLOCKS = YES;
				GCC_OPTIMIZATION_LEVEL = 0;
				GCC_PREPROCESSOR_DEFINITIONS = (
					"DEBUG=1",
					"$(inherited)",
				);
				GCC_WARN_64_TO_32_BIT_CONVERSION = YES;
				GCC_WARN_ABOUT_RETURN_TYPE = YES_ERROR;
				GCC_WARN_UNDECLARED_SELECTOR = YES;
				GCC_WARN_UNINITIALIZED_AUTOS = YES_AGGRESSIVE;
				GCC_WARN_UNUSED_FUNCTION = YES;
				GCC_WARN_UNUSED_VARIABLE = YES;
				IPHONEOS_DEPLOYMENT_TARGET = 10.3;
				MTL_ENABLE_DEBUG_INFO = YES;
				ONLY_ACTIVE_ARCH = YES;
				SDKROOT = iphoneos;
			};
			name = Debug;
		};
		CF4C68221F4C86C1004829CD /* Release */ = {
			isa = XCBuildConfiguration;
			buildSettings = {
				ALWAYS_SEARCH_USER_PATHS = NO;
				CLANG_ANALYZER_NONNULL = YES;
				CLANG_ANALYZER_NUMBER_OBJECT_CONVERSION = YES_AGGRESSIVE;
				CLANG_CXX_LANGUAGE_STANDARD = "gnu++0x";
				CLANG_CXX_LIBRARY = "libc++";
				CLANG_ENABLE_MODULES = YES;
				CLANG_ENABLE_OBJC_ARC = YES;
				CLANG_WARN_BOOL_CONVERSION = YES;
				CLANG_WARN_CONSTANT_CONVERSION = YES;
				CLANG_WARN_DIRECT_OBJC_ISA_USAGE = YES_ERROR;
				CLANG_WARN_DOCUMENTATION_COMMENTS = YES;
				CLANG_WARN_EMPTY_BODY = YES;
				CLANG_WARN_ENUM_CONVERSION = YES;
				CLANG_WARN_INFINITE_RECURSION = YES;
				CLANG_WARN_INT_CONVERSION = YES;
				CLANG_WARN_OBJC_ROOT_CLASS = YES_ERROR;
				CLANG_WARN_SUSPICIOUS_MOVE = YES;
				CLANG_WARN_UNREACHABLE_CODE = YES;
				CLANG_WARN__DUPLICATE_METHOD_MATCH = YES;
				"CODE_SIGN_IDENTITY[sdk=iphoneos*]" = "iPhone Developer";
				COPY_PHASE_STRIP = NO;
				DEBUG_INFORMATION_FORMAT = "dwarf-with-dsym";
				ENABLE_NS_ASSERTIONS = NO;
				ENABLE_STRICT_OBJC_MSGSEND = YES;
				GCC_C_LANGUAGE_STANDARD = gnu99;
				GCC_NO_COMMON_BLOCKS = YES;
				GCC_WARN_64_TO_32_BIT_CONVERSION = YES;
				GCC_WARN_ABOUT_RETURN_TYPE = YES_ERROR;
				GCC_WARN_UNDECLARED_SELECTOR = YES;
				GCC_WARN_UNINITIALIZED_AUTOS = YES_AGGRESSIVE;
				GCC_WARN_UNUSED_FUNCTION = YES;
				GCC_WARN_UNUSED_VARIABLE = YES;
				IPHONEOS_DEPLOYMENT_TARGET = 10.3;
				MTL_ENABLE_DEBUG_INFO = NO;
				SDKROOT = iphoneos;
				VALIDATE_PRODUCT = YES;
			};
			name = Release;
		};
		CF4C68241F4C86C1004829CD /* Debug */ = {
			isa = XCBuildConfiguration;
			buildSettings = {
				ASSETCATALOG_COMPILER_APPICON_NAME = AppIcon;
				DEVELOPMENT_TEAM = ZWXN4J2VCP;
				INFOPLIST_FILE = DictionaryExample/Info.plist;
				LD_RUNPATH_SEARCH_PATHS = "$(inherited) @executable_path/Frameworks";
				PRODUCT_BUNDLE_IDENTIFIER = NikolaiBaklanov.DictionaryExample;
				PRODUCT_NAME = "$(TARGET_NAME)";
			};
			name = Debug;
		};
		CF4C68251F4C86C1004829CD /* Release */ = {
			isa = XCBuildConfiguration;
			buildSettings = {
				ASSETCATALOG_COMPILER_APPICON_NAME = AppIcon;
				DEVELOPMENT_TEAM = ZWXN4J2VCP;
				INFOPLIST_FILE = DictionaryExample/Info.plist;
				LD_RUNPATH_SEARCH_PATHS = "$(inherited) @executable_path/Frameworks";
				PRODUCT_BUNDLE_IDENTIFIER = NikolaiBaklanov.DictionaryExample;
				PRODUCT_NAME = "$(TARGET_NAME)";
			};
			name = Release;
		};
/* End XCBuildConfiguration section */

/* Begin XCConfigurationList section */
		CF4C68071F4C86C0004829CD /* Build configuration list for PBXProject "DictionaryExample" */ = {
			isa = XCConfigurationList;
			buildConfigurations = (
				CF4C68211F4C86C1004829CD /* Debug */,
				CF4C68221F4C86C1004829CD /* Release */,
			);
			defaultConfigurationIsVisible = 0;
			defaultConfigurationName = Release;
		};
		CF4C68231F4C86C1004829CD /* Build configuration list for PBXNativeTarget "DictionaryExample" */ = {
			isa = XCConfigurationList;
			buildConfigurations = (
				CF4C68241F4C86C1004829CD /* Debug */,
				CF4C68251F4C86C1004829CD /* Release */,
			);
			defaultConfigurationIsVisible = 0;
		};
/* End XCConfigurationList section */
	};
	rootObject = CF4C68041F4C86C0004829CD /* Project object */;
}
