// !$*UTF8*$!
{
	archiveVersion = 1;
	classes = {
	};
	objectVersion = 46;
	objects = {

/* Begin PBXBuildFile section */
		CFFFE3CD1F8C6BB800BFCA37 /* main.m in Sources */ = {isa = PBXBuildFile; fileRef = CFFFE3CC1F8C6BB800BFCA37 /* main.m */; };
		CFFFE3D01F8C6BB800BFCA37 /* AppDelegate.m in Sources */ = {isa = PBXBuildFile; fileRef = CFFFE3CF1F8C6BB800BFCA37 /* AppDelegate.m */; };
		CFFFE3D31F8C6BB800BFCA37 /* ViewController.m in Sources */ = {isa = PBXBuildFile; fileRef = CFFFE3D21F8C6BB800BFCA37 /* ViewController.m */; };
		CFFFE3D61F8C6BB800BFCA37 /* Main.storyboard in Resources */ = {isa = PBXBuildFile; fileRef = CFFFE3D41F8C6BB800BFCA37 /* Main.storyboard */; };
		CFFFE3D81F8C6BB800BFCA37 /* Assets.xcassets in Resources */ = {isa = PBXBuildFile; fileRef = CFFFE3D71F8C6BB800BFCA37 /* Assets.xcassets */; };
		CFFFE3DB1F8C6BB800BFCA37 /* LaunchScreen.storyboard in Resources */ = {isa = PBXBuildFile; fileRef = CFFFE3D91F8C6BB800BFCA37 /* LaunchScreen.storyboard */; };
/* End PBXBuildFile section */

/* Begin PBXFileReference section */
		CFFFE3C81F8C6BB800BFCA37 /* NumbersExample.app */ = {isa = PBXFileReference; explicitFileType = wrapper.application; includeInIndex = 0; path = NumbersExample.app; sourceTree = BUILT_PRODUCTS_DIR; };
		CFFFE3CC1F8C6BB800BFCA37 /* main.m */ = {isa = PBXFileReference; lastKnownFileType = sourcecode.c.objc; path = main.m; sourceTree = "<group>"; };
		CFFFE3CE1F8C6BB800BFCA37 /* AppDelegate.h */ = {isa = PBXFileReference; lastKnownFileType = sourcecode.c.h; path = AppDelegate.h; sourceTree = "<group>"; };
		CFFFE3CF1F8C6BB800BFCA37 /* AppDelegate.m */ = {isa = PBXFileReference; lastKnownFileType = sourcecode.c.objc; path = AppDelegate.m; sourceTree = "<group>"; };
		CFFFE3D11F8C6BB800BFCA37 /* ViewController.h */ = {isa = PBXFileReference; lastKnownFileType = sourcecode.c.h; path = ViewController.h; sourceTree = "<group>"; };
		CFFFE3D21F8C6BB800BFCA37 /* ViewController.m */ = {isa = PBXFileReference; lastKnownFileType = sourcecode.c.objc; path = ViewController.m; sourceTree = "<group>"; };
		CFFFE3D51F8C6BB800BFCA37 /* Base */ = {isa = PBXFileReference; lastKnownFileType = file.storyboard; name = Base; path = Base.lproj/Main.storyboard; sourceTree = "<group>"; };
		CFFFE3D71F8C6BB800BFCA37 /* Assets.xcassets */ = {isa = PBXFileReference; lastKnownFileType = folder.assetcatalog; path = Assets.xcassets; sourceTree = "<group>"; };
		CFFFE3DA1F8C6BB800BFCA37 /* Base */ = {isa = PBXFileReference; lastKnownFileType = file.storyboard; name = Base; path = Base.lproj/LaunchScreen.storyboard; sourceTree = "<group>"; };
		CFFFE3DC1F8C6BB800BFCA37 /* Info.plist */ = {isa = PBXFileReference; lastKnownFileType = text.plist.xml; path = Info.plist; sourceTree = "<group>"; };
/* End PBXFileReference section */

/* Begin PBXFrameworksBuildPhase section */
		CFFFE3C51F8C6BB800BFCA37 /* Frameworks */ = {
			isa = PBXFrameworksBuildPhase;
			buildActionMask = 2147483647;
			files = (
			);
			runOnlyForDeploymentPostprocessing = 0;
		};
/* End PBXFrameworksBuildPhase section */

/* Begin PBXGroup section */
		CFFFE3BF1F8C6BB800BFCA37 = {
			isa = PBXGroup;
			children = (
				CFFFE3CA1F8C6BB800BFCA37 /* NumbersExample */,
				CFFFE3C91F8C6BB800BFCA37 /* Products */,
			);
			sourceTree = "<group>";
		};
		CFFFE3C91F8C6BB800BFCA37 /* Products */ = {
			isa = PBXGroup;
			children = (
				CFFFE3C81F8C6BB800BFCA37 /* NumbersExample.app */,
			);
			name = Products;
			sourceTree = "<group>";
		};
		CFFFE3CA1F8C6BB800BFCA37 /* NumbersExample */ = {
			isa = PBXGroup;
			children = (
				CFFFE3CE1F8C6BB800BFCA37 /* AppDelegate.h */,
				CFFFE3CF1F8C6BB800BFCA37 /* AppDelegate.m */,
				CFFFE3D11F8C6BB800BFCA37 /* ViewController.h */,
				CFFFE3D21F8C6BB800BFCA37 /* ViewController.m */,
				CFFFE3D41F8C6BB800BFCA37 /* Main.storyboard */,
				CFFFE3D71F8C6BB800BFCA37 /* Assets.xcassets */,
				CFFFE3D91F8C6BB800BFCA37 /* LaunchScreen.storyboard */,
				CFFFE3DC1F8C6BB800BFCA37 /* Info.plist */,
				CFFFE3CB1F8C6BB800BFCA37 /* Supporting Files */,
			);
			path = NumbersExample;
			sourceTree = "<group>";
		};
		CFFFE3CB1F8C6BB800BFCA37 /* Supporting Files */ = {
			isa = PBXGroup;
			children = (
				CFFFE3CC1F8C6BB800BFCA37 /* main.m */,
			);
			name = "Supporting Files";
			sourceTree = "<group>";
		};
/* End PBXGroup section */

/* Begin PBXNativeTarget section */
		CFFFE3C71F8C6BB800BFCA37 /* NumbersExample */ = {
			isa = PBXNativeTarget;
			buildConfigurationList = CFFFE3DF1F8C6BB800BFCA37 /* Build configuration list for PBXNativeTarget "NumbersExample" */;
			buildPhases = (
				CFFFE3C41F8C6BB800BFCA37 /* Sources */,
				CFFFE3C51F8C6BB800BFCA37 /* Frameworks */,
				CFFFE3C61F8C6BB800BFCA37 /* Resources */,
			);
			buildRules = (
			);
			dependencies = (
			);
			name = NumbersExample;
			productName = NumbersExample;
			productReference = CFFFE3C81F8C6BB800BFCA37 /* NumbersExample.app */;
			productType = "com.apple.product-type.application";
		};
/* End PBXNativeTarget section */

/* Begin PBXProject section */
		CFFFE3C01F8C6BB800BFCA37 /* Project object */ = {
			isa = PBXProject;
			attributes = {
				LastUpgradeCheck = 0830;
				ORGANIZATIONNAME = Nikolai;
				TargetAttributes = {
					CFFFE3C71F8C6BB800BFCA37 = {
						CreatedOnToolsVersion = 8.3.3;
						DevelopmentTeam = ZWXN4J2VCP;
						ProvisioningStyle = Automatic;
					};
				};
			};
			buildConfigurationList = CFFFE3C31F8C6BB800BFCA37 /* Build configuration list for PBXProject "NumbersExample" */;
			compatibilityVersion = "Xcode 3.2";
			developmentRegion = English;
			hasScannedForEncodings = 0;
			knownRegions = (
				en,
				Base,
			);
			mainGroup = CFFFE3BF1F8C6BB800BFCA37;
			productRefGroup = CFFFE3C91F8C6BB800BFCA37 /* Products */;
			projectDirPath = "";
			projectRoot = "";
			targets = (
				CFFFE3C71F8C6BB800BFCA37 /* NumbersExample */,
			);
		};
/* End PBXProject section */

/* Begin PBXResourcesBuildPhase section */
		CFFFE3C61F8C6BB800BFCA37 /* Resources */ = {
			isa = PBXResourcesBuildPhase;
			buildActionMask = 2147483647;
			files = (
				CFFFE3DB1F8C6BB800BFCA37 /* LaunchScreen.storyboard in Resources */,
				CFFFE3D81F8C6BB800BFCA37 /* Assets.xcassets in Resources */,
				CFFFE3D61F8C6BB800BFCA37 /* Main.storyboard in Resources */,
			);
			runOnlyForDeploymentPostprocessing = 0;
		};
/* End PBXResourcesBuildPhase section */

/* Begin PBXSourcesBuildPhase section */
		CFFFE3C41F8C6BB800BFCA37 /* Sources */ = {
			isa = PBXSourcesBuildPhase;
			buildActionMask = 2147483647;
			files = (
				CFFFE3D31F8C6BB800BFCA37 /* ViewController.m in Sources */,
				CFFFE3D01F8C6BB800BFCA37 /* AppDelegate.m in Sources */,
				CFFFE3CD1F8C6BB800BFCA37 /* main.m in Sources */,
			);
			runOnlyForDeploymentPostprocessing = 0;
		};
/* End PBXSourcesBuildPhase section */

/* Begin PBXVariantGroup section */
		CFFFE3D41F8C6BB800BFCA37 /* Main.storyboard */ = {
			isa = PBXVariantGroup;
			children = (
				CFFFE3D51F8C6BB800BFCA37 /* Base */,
			);
			name = Main.storyboard;
			sourceTree = "<group>";
		};
		CFFFE3D91F8C6BB800BFCA37 /* LaunchScreen.storyboard */ = {
			isa = PBXVariantGroup;
			children = (
				CFFFE3DA1F8C6BB800BFCA37 /* Base */,
			);
			name = LaunchScreen.storyboard;
			sourceTree = "<group>";
		};
/* End PBXVariantGroup section */

/* Begin XCBuildConfiguration section */
		CFFFE3DD1F8C6BB800BFCA37 /* Debug */ = {
			isa = XCBuildConfiguration;
			buildSettings = {
				ALWAYS_SEARCH_USER_PATHS = NO;
				CLANG_ANALYZER_NONNULL = YES;
				CLANG_ANALYZER_NUMBER_OBJECT_CONVERSION = YES_AGGRESSIVE;
				CLANG_CXX_LANGUAGE_STANDARD = "gnu++0x";
				CLANG_CXX_LIBRARY = "libc++";
				CLANG_ENABLE_MODULES = YES;
				CLANG_ENABLE_OBJC_ARC = YES;
				CLANG_WARN_BOOL_CONVERSION = YES;
				CLANG_WARN_CONSTANT_CONVERSION = YES;
				CLANG_WARN_DIRECT_OBJC_ISA_USAGE = YES_ERROR;
				CLANG_WARN_DOCUMENTATION_COMMENTS = YES;
				CLANG_WARN_EMPTY_BODY = YES;
				CLANG_WARN_ENUM_CONVERSION = YES;
				CLANG_WARN_INFINITE_RECURSION = YES;
				CLANG_WARN_INT_CONVERSION = YES;
				CLANG_WARN_OBJC_ROOT_CLASS = YES_ERROR;
				CLANG_WARN_SUSPICIOUS_MOVE = YES;
				CLANG_WARN_UNREACHABLE_CODE = YES;
				CLANG_WARN__DUPLICATE_METHOD_MATCH = YES;
				"CODE_SIGN_IDENTITY[sdk=iphoneos*]" = "iPhone Developer";
				COPY_PHASE_STRIP = NO;
				DEBUG_INFORMATION_FORMAT = dwarf;
				ENABLE_STRICT_OBJC_MSGSEND = YES;
				ENABLE_TESTABILITY = YES;
				GCC_C_LANGUAGE_STANDARD = gnu99;
				GCC_DYNAMIC_NO_PIC = NO;
				GCC_NO_COMMON_BLOCKS = YES;
				GCC_OPTIMIZATION_LEVEL = 0;
				GCC_PREPROCESSOR_DEFINITIONS = (
					"DEBUG=1",
					"$(inherited)",
				);
				GCC_WARN_64_TO_32_BIT_CONVERSION = YES;
				GCC_WARN_ABOUT_RETURN_TYPE = YES_ERROR;
				GCC_WARN_UNDECLARED_SELECTOR = YES;
				GCC_WARN_UNINITIALIZED_AUTOS = YES_AGGRESSIVE;
				GCC_WARN_UNUSED_FUNCTION = YES;
				GCC_WARN_UNUSED_VARIABLE = YES;
				IPHONEOS_DEPLOYMENT_TARGET = 10.3;
				MTL_ENABLE_DEBUG_INFO = YES;
				ONLY_ACTIVE_ARCH = YES;
				SDKROOT = iphoneos;
			};
			name = Debug;
		};
		CFFFE3DE1F8C6BB800BFCA37 /* Release */ = {
			isa = XCBuildConfiguration;
			buildSettings = {
				ALWAYS_SEARCH_USER_PATHS = NO;
				CLANG_ANALYZER_NONNULL = YES;
				CLANG_ANALYZER_NUMBER_OBJECT_CONVERSION = YES_AGGRESSIVE;
				CLANG_CXX_LANGUAGE_STANDARD = "gnu++0x";
				CLANG_CXX_LIBRARY = "libc++";
				CLANG_ENABLE_MODULES = YES;
				CLANG_ENABLE_OBJC_ARC = YES;
				CLANG_WARN_BOOL_CONVERSION = YES;
				CLANG_WARN_CONSTANT_CONVERSION = YES;
				CLANG_WARN_DIRECT_OBJC_ISA_USAGE = YES_ERROR;
				CLANG_WARN_DOCUMENTATION_COMMENTS = YES;
				CLANG_WARN_EMPTY_BODY = YES;
				CLANG_WARN_ENUM_CONVERSION = YES;
				CLANG_WARN_INFINITE_RECURSION = YES;
				CLANG_WARN_INT_CONVERSION = YES;
				CLANG_WARN_OBJC_ROOT_CLASS = YES_ERROR;
				CLANG_WARN_SUSPICIOUS_MOVE = YES;
				CLANG_WARN_UNREACHABLE_CODE = YES;
				CLANG_WARN__DUPLICATE_METHOD_MATCH = YES;
				"CODE_SIGN_IDENTITY[sdk=iphoneos*]" = "iPhone Developer";
				COPY_PHASE_STRIP = NO;
				DEBUG_INFORMATION_FORMAT = "dwarf-with-dsym";
				ENABLE_NS_ASSERTIONS = NO;
				ENABLE_STRICT_OBJC_MSGSEND = YES;
				GCC_C_LANGUAGE_STANDARD = gnu99;
				GCC_NO_COMMON_BLOCKS = YES;
				GCC_WARN_64_TO_32_BIT_CONVERSION = YES;
				GCC_WARN_ABOUT_RETURN_TYPE = YES_ERROR;
				GCC_WARN_UNDECLARED_SELECTOR = YES;
				GCC_WARN_UNINITIALIZED_AUTOS = YES_AGGRESSIVE;
				GCC_WARN_UNUSED_FUNCTION = YES;
				GCC_WARN_UNUSED_VARIABLE = YES;
				IPHONEOS_DEPLOYMENT_TARGET = 10.3;
				MTL_ENABLE_DEBUG_INFO = NO;
				SDKROOT = iphoneos;
				VALIDATE_PRODUCT = YES;
			};
			name = Release;
		};
		CFFFE3E01F8C6BB800BFCA37 /* Debug */ = {
			isa = XCBuildConfiguration;
			buildSettings = {
				ARCHS = "$(ARCHS_STANDARD)";
				ASSETCATALOG_COMPILER_APPICON_NAME = AppIcon;
				DEVELOPMENT_TEAM = ZWXN4J2VCP;
				INFOPLIST_FILE = NumbersExample/Info.plist;
				LD_RUNPATH_SEARCH_PATHS = "$(inherited) @executable_path/Frameworks";
				PRODUCT_BUNDLE_IDENTIFIER = NikolaiBaklanov.NumbersExample;
				PRODUCT_NAME = "$(TARGET_NAME)";
			};
			name = Debug;
		};
		CFFFE3E11F8C6BB800BFCA37 /* Release */ = {
			isa = XCBuildConfiguration;
			buildSettings = {
				ARCHS = "$(ARCHS_STANDARD)";
				ASSETCATALOG_COMPILER_APPICON_NAME = AppIcon;
				DEVELOPMENT_TEAM = ZWXN4J2VCP;
				INFOPLIST_FILE = NumbersExample/Info.plist;
				LD_RUNPATH_SEARCH_PATHS = "$(inherited) @executable_path/Frameworks";
				PRODUCT_BUNDLE_IDENTIFIER = NikolaiBaklanov.NumbersExample;
				PRODUCT_NAME = "$(TARGET_NAME)";
			};
			name = Release;
		};
/* End XCBuildConfiguration section */

/* Begin XCConfigurationList section */
		CFFFE3C31F8C6BB800BFCA37 /* Build configuration list for PBXProject "NumbersExample" */ = {
			isa = XCConfigurationList;
			buildConfigurations = (
				CFFFE3DD1F8C6BB800BFCA37 /* Debug */,
				CFFFE3DE1F8C6BB800BFCA37 /* Release */,
			);
			defaultConfigurationIsVisible = 0;
			defaultConfigurationName = Release;
		};
		CFFFE3DF1F8C6BB800BFCA37 /* Build configuration list for PBXNativeTarget "NumbersExample" */ = {
			isa = XCConfigurationList;
			buildConfigurations = (
				CFFFE3E01F8C6BB800BFCA37 /* Debug */,
				CFFFE3E11F8C6BB800BFCA37 /* Release */,
			);
			defaultConfigurationIsVisible = 0;
		};
/* End XCConfigurationList section */
	};
	rootObject = CFFFE3C01F8C6BB800BFCA37 /* Project object */;
}
