// !$*UTF8*$!
{
	archiveVersion = 1;
	classes = {
	};
	objectVersion = 46;
	objects = {

/* Begin PBXBuildFile section */
		CF953E1F1F47F02D00973E9B /* ResultsModel.m in Sources */ = {isa = PBXBuildFile; fileRef = CF953E1E1F47F02D00973E9B /* ResultsModel.m */; };
		CF9B0BCB1F3940EA00798CD5 /* Profiler.m in Sources */ = {isa = PBXBuildFile; fileRef = CF9B0BCA1F3940EA00798CD5 /* Profiler.m */; };
		CF9B0BD71F3942EA00798CD5 /* ComplicatedElement.m in Sources */ = {isa = PBXBuildFile; fileRef = CF9B0BD51F3942EA00798CD5 /* ComplicatedElement.m */; };
		CF9B0BD81F3942EA00798CD5 /* SimpleElement.m in Sources */ = {isa = PBXBuildFile; fileRef = CF9B0BD61F3942EA00798CD5 /* SimpleElement.m */; };
		CF9B0BDD1F3A8C0100798CD5 /* ResultCellTableViewCell.m in Sources */ = {isa = PBXBuildFile; fileRef = CF9B0BDB1F3A8C0100798CD5 /* ResultCellTableViewCell.m */; };
		CF9B0BDE1F3A8C0100798CD5 /* ResultCellTableViewCell.xib in Resources */ = {isa = PBXBuildFile; fileRef = CF9B0BDC1F3A8C0100798CD5 /* ResultCellTableViewCell.xib */; };
		CF9B0BE11F3B52ED00798CD5 /* Output.m in Sources */ = {isa = PBXBuildFile; fileRef = CF9B0BE01F3B52ED00798CD5 /* Output.m */; };
		CFC27DA11F38C9D200981C8B /* main.m in Sources */ = {isa = PBXBuildFile; fileRef = CFC27DA01F38C9D200981C8B /* main.m */; };
		CFC27DA41F38C9D200981C8B /* AppDelegate.m in Sources */ = {isa = PBXBuildFile; fileRef = CFC27DA31F38C9D200981C8B /* AppDelegate.m */; };
		CFC27DA71F38C9D200981C8B /* ViewController.m in Sources */ = {isa = PBXBuildFile; fileRef = CFC27DA61F38C9D200981C8B /* ViewController.m */; };
		CFC27DAA1F38C9D200981C8B /* Main.storyboard in Resources */ = {isa = PBXBuildFile; fileRef = CFC27DA81F38C9D200981C8B /* Main.storyboard */; };
		CFC27DAC1F38C9D200981C8B /* Assets.xcassets in Resources */ = {isa = PBXBuildFile; fileRef = CFC27DAB1F38C9D200981C8B /* Assets.xcassets */; };
		CFC27DAF1F38C9D200981C8B /* LaunchScreen.storyboard in Resources */ = {isa = PBXBuildFile; fileRef = CFC27DAD1F38C9D200981C8B /* LaunchScreen.storyboard */; };
/* End PBXBuildFile section */

/* Begin PBXFileReference section */
		CF953E1D1F47F02D00973E9B /* ResultsModel.h */ = {isa = PBXFileReference; fileEncoding = 4; lastKnownFileType = sourcecode.c.h; name = ResultsModel.h; path = Model/ResultsModel.h; sourceTree = "<group>"; };
		CF953E1E1F47F02D00973E9B /* ResultsModel.m */ = {isa = PBXFileReference; fileEncoding = 4; lastKnownFileType = sourcecode.c.objc; name = ResultsModel.m; path = Model/ResultsModel.m; sourceTree = "<group>"; };
		CF9B0BC91F3940EA00798CD5 /* Profiler.h */ = {isa = PBXFileReference; fileEncoding = 4; lastKnownFileType = sourcecode.c.h; path = Profiler.h; sourceTree = "<group>"; };
		CF9B0BCA1F3940EA00798CD5 /* Profiler.m */ = {isa = PBXFileReference; fileEncoding = 4; lastKnownFileType = sourcecode.c.objc; path = Profiler.m; sourceTree = "<group>"; };
		CF9B0BD31F3942EA00798CD5 /* SimpleElement.h */ = {isa = PBXFileReference; fileEncoding = 4; lastKnownFileType = sourcecode.c.h; name = SimpleElement.h; path = Elements/SimpleElement.h; sourceTree = "<group>"; };
		CF9B0BD41F3942EA00798CD5 /* ComplicatedElement.h */ = {isa = PBXFileReference; fileEncoding = 4; lastKnownFileType = sourcecode.c.h; name = ComplicatedElement.h; path = Elements/ComplicatedElement.h; sourceTree = "<group>"; };
		CF9B0BD51F3942EA00798CD5 /* ComplicatedElement.m */ = {isa = PBXFileReference; fileEncoding = 4; lastKnownFileType = sourcecode.c.objc; name = ComplicatedElement.m; path = Elements/ComplicatedElement.m; sourceTree = "<group>"; };
		CF9B0BD61F3942EA00798CD5 /* SimpleElement.m */ = {isa = PBXFileReference; fileEncoding = 4; lastKnownFileType = sourcecode.c.objc; name = SimpleElement.m; path = Elements/SimpleElement.m; sourceTree = "<group>"; };
		CF9B0BDA1F3A8C0100798CD5 /* ResultCellTableViewCell.h */ = {isa = PBXFileReference; fileEncoding = 4; lastKnownFileType = sourcecode.c.h; name = ResultCellTableViewCell.h; path = UI/ResultCellTableViewCell.h; sourceTree = "<group>"; };
		CF9B0BDB1F3A8C0100798CD5 /* ResultCellTableViewCell.m */ = {isa = PBXFileReference; fileEncoding = 4; lastKnownFileType = sourcecode.c.objc; name = ResultCellTableViewCell.m; path = UI/ResultCellTableViewCell.m; sourceTree = "<group>"; };
		CF9B0BDC1F3A8C0100798CD5 /* ResultCellTableViewCell.xib */ = {isa = PBXFileReference; fileEncoding = 4; lastKnownFileType = file.xib; name = ResultCellTableViewCell.xib; path = UI/ResultCellTableViewCell.xib; sourceTree = "<group>"; };
		CF9B0BDF1F3B52ED00798CD5 /* Output.h */ = {isa = PBXFileReference; fileEncoding = 4; lastKnownFileType = sourcecode.c.h; path = Output.h; sourceTree = "<group>"; };
		CF9B0BE01F3B52ED00798CD5 /* Output.m */ = {isa = PBXFileReference; fileEncoding = 4; lastKnownFileType = sourcecode.c.objc; path = Output.m; sourceTree = "<group>"; };
		CFC27D9C1F38C9D100981C8B /* ArrayExample.app */ = {isa = PBXFileReference; explicitFileType = wrapper.application; includeInIndex = 0; path = ArrayExample.app; sourceTree = BUILT_PRODUCTS_DIR; };
		CFC27DA01F38C9D200981C8B /* main.m */ = {isa = PBXFileReference; lastKnownFileType = sourcecode.c.objc; path = main.m; sourceTree = "<group>"; };
		CFC27DA21F38C9D200981C8B /* AppDelegate.h */ = {isa = PBXFileReference; lastKnownFileType = sourcecode.c.h; path = AppDelegate.h; sourceTree = "<group>"; };
		CFC27DA31F38C9D200981C8B /* AppDelegate.m */ = {isa = PBXFileReference; lastKnownFileType = sourcecode.c.objc; path = AppDelegate.m; sourceTree = "<group>"; };
		CFC27DA51F38C9D200981C8B /* ViewController.h */ = {isa = PBXFileReference; lastKnownFileType = sourcecode.c.h; path = ViewController.h; sourceTree = "<group>"; };
		CFC27DA61F38C9D200981C8B /* ViewController.m */ = {isa = PBXFileReference; lastKnownFileType = sourcecode.c.objc; path = ViewController.m; sourceTree = "<group>"; };
		CFC27DA91F38C9D200981C8B /* Base */ = {isa = PBXFileReference; lastKnownFileType = file.storyboard; name = Base; path = Base.lproj/Main.storyboard; sourceTree = "<group>"; };
		CFC27DAB1F38C9D200981C8B /* Assets.xcassets */ = {isa = PBXFileReference; lastKnownFileType = folder.assetcatalog; path = Assets.xcassets; sourceTree = "<group>"; };
		CFC27DAE1F38C9D200981C8B /* Base */ = {isa = PBXFileReference; lastKnownFileType = file.storyboard; name = Base; path = Base.lproj/LaunchScreen.storyboard; sourceTree = "<group>"; };
		CFC27DB01F38C9D200981C8B /* Info.plist */ = {isa = PBXFileReference; lastKnownFileType = text.plist.xml; path = Info.plist; sourceTree = "<group>"; };
/* End PBXFileReference section */

/* Begin PBXFrameworksBuildPhase section */
		CFC27D991F38C9D100981C8B /* Frameworks */ = {
			isa = PBXFrameworksBuildPhase;
			buildActionMask = 2147483647;
			files = (
			);
			runOnlyForDeploymentPostprocessing = 0;
		};
/* End PBXFrameworksBuildPhase section */

/* Begin PBXGroup section */
		CF953E1C1F47EFF100973E9B /* Model */ = {
			isa = PBXGroup;
			children = (
				CF953E1D1F47F02D00973E9B /* ResultsModel.h */,
				CF953E1E1F47F02D00973E9B /* ResultsModel.m */,
			);
			name = Model;
			sourceTree = "<group>";
		};
		CF9B0BD21F39429500798CD5 /* Elements */ = {
			isa = PBXGroup;
			children = (
				CF9B0BD41F3942EA00798CD5 /* ComplicatedElement.h */,
				CF9B0BD51F3942EA00798CD5 /* ComplicatedElement.m */,
				CF9B0BD31F3942EA00798CD5 /* SimpleElement.h */,
				CF9B0BD61F3942EA00798CD5 /* SimpleElement.m */,
			);
			name = Elements;
			sourceTree = "<group>";
		};
		CF9B0BD91F3A8BC200798CD5 /* UI */ = {
			isa = PBXGroup;
			children = (
				CF9B0BDA1F3A8C0100798CD5 /* ResultCellTableViewCell.h */,
				CF9B0BDB1F3A8C0100798CD5 /* ResultCellTableViewCell.m */,
				CF9B0BDC1F3A8C0100798CD5 /* ResultCellTableViewCell.xib */,
			);
			name = UI;
			sourceTree = "<group>";
		};
		CFC27D931F38C9D100981C8B = {
			isa = PBXGroup;
			children = (
				CFC27D9E1F38C9D100981C8B /* ArrayExample */,
				CFC27D9D1F38C9D100981C8B /* Products */,
			);
			sourceTree = "<group>";
		};
		CFC27D9D1F38C9D100981C8B /* Products */ = {
			isa = PBXGroup;
			children = (
				CFC27D9C1F38C9D100981C8B /* ArrayExample.app */,
			);
			name = Products;
			sourceTree = "<group>";
		};
		CFC27D9E1F38C9D100981C8B /* ArrayExample */ = {
			isa = PBXGroup;
			children = (
				CF953E1C1F47EFF100973E9B /* Model */,
				CF9B0BD91F3A8BC200798CD5 /* UI */,
				CF9B0BD21F39429500798CD5 /* Elements */,
				CFC27DA21F38C9D200981C8B /* AppDelegate.h */,
				CFC27DA31F38C9D200981C8B /* AppDelegate.m */,
				CFC27DA51F38C9D200981C8B /* ViewController.h */,
				CFC27DA61F38C9D200981C8B /* ViewController.m */,
				CFC27DA81F38C9D200981C8B /* Main.storyboard */,
				CFC27DAB1F38C9D200981C8B /* Assets.xcassets */,
				CFC27DAD1F38C9D200981C8B /* LaunchScreen.storyboard */,
				CFC27DB01F38C9D200981C8B /* Info.plist */,
				CFC27D9F1F38C9D100981C8B /* Supporting Files */,
				CF9B0BC91F3940EA00798CD5 /* Profiler.h */,
				CF9B0BCA1F3940EA00798CD5 /* Profiler.m */,
				CF9B0BDF1F3B52ED00798CD5 /* Output.h */,
				CF9B0BE01F3B52ED00798CD5 /* Output.m */,
			);
			path = ArrayExample;
			sourceTree = "<group>";
		};
		CFC27D9F1F38C9D100981C8B /* Supporting Files */ = {
			isa = PBXGroup;
			children = (
				CFC27DA01F38C9D200981C8B /* main.m */,
			);
			name = "Supporting Files";
			sourceTree = "<group>";
		};
/* End PBXGroup section */

/* Begin PBXNativeTarget section */
		CFC27D9B1F38C9D100981C8B /* ArrayExample */ = {
			isa = PBXNativeTarget;
			buildConfigurationList = CFC27DB31F38C9D200981C8B /* Build configuration list for PBXNativeTarget "ArrayExample" */;
			buildPhases = (
				CFC27D981F38C9D100981C8B /* Sources */,
				CFC27D991F38C9D100981C8B /* Frameworks */,
				CFC27D9A1F38C9D100981C8B /* Resources */,
			);
			buildRules = (
			);
			dependencies = (
			);
			name = ArrayExample;
			productName = ArrayExample;
			productReference = CFC27D9C1F38C9D100981C8B /* ArrayExample.app */;
			productType = "com.apple.product-type.application";
		};
/* End PBXNativeTarget section */

/* Begin PBXProject section */
		CFC27D941F38C9D100981C8B /* Project object */ = {
			isa = PBXProject;
			attributes = {
				LastUpgradeCheck = 0830;
				ORGANIZATIONNAME = Nikolai;
				TargetAttributes = {
					CFC27D9B1F38C9D100981C8B = {
						CreatedOnToolsVersion = 8.3.3;
						DevelopmentTeam = ZWXN4J2VCP;
						ProvisioningStyle = Automatic;
					};
				};
			};
			buildConfigurationList = CFC27D971F38C9D100981C8B /* Build configuration list for PBXProject "ArrayExample" */;
			compatibilityVersion = "Xcode 3.2";
			developmentRegion = English;
			hasScannedForEncodings = 0;
			knownRegions = (
				en,
				Base,
			);
			mainGroup = CFC27D931F38C9D100981C8B;
			productRefGroup = CFC27D9D1F38C9D100981C8B /* Products */;
			projectDirPath = "";
			projectRoot = "";
			targets = (
				CFC27D9B1F38C9D100981C8B /* ArrayExample */,
			);
		};
/* End PBXProject section */

/* Begin PBXResourcesBuildPhase section */
		CFC27D9A1F38C9D100981C8B /* Resources */ = {
			isa = PBXResourcesBuildPhase;
			buildActionMask = 2147483647;
			files = (
				CFC27DAF1F38C9D200981C8B /* LaunchScreen.storyboard in Resources */,
				CFC27DAC1F38C9D200981C8B /* Assets.xcassets in Resources */,
				CF9B0BDE1F3A8C0100798CD5 /* ResultCellTableViewCell.xib in Resources */,
				CFC27DAA1F38C9D200981C8B /* Main.storyboard in Resources */,
			);
			runOnlyForDeploymentPostprocessing = 0;
		};
/* End PBXResourcesBuildPhase section */

/* Begin PBXSourcesBuildPhase section */
		CFC27D981F38C9D100981C8B /* Sources */ = {
			isa = PBXSourcesBuildPhase;
			buildActionMask = 2147483647;
			files = (
				CF9B0BCB1F3940EA00798CD5 /* Profiler.m in Sources */,
				CFC27DA71F38C9D200981C8B /* ViewController.m in Sources */,
				CFC27DA41F38C9D200981C8B /* AppDelegate.m in Sources */,
				CF9B0BD71F3942EA00798CD5 /* ComplicatedElement.m in Sources */,
				CF9B0BE11F3B52ED00798CD5 /* Output.m in Sources */,
				CF953E1F1F47F02D00973E9B /* ResultsModel.m in Sources */,
				CF9B0BD81F3942EA00798CD5 /* SimpleElement.m in Sources */,
				CF9B0BDD1F3A8C0100798CD5 /* ResultCellTableViewCell.m in Sources */,
				CFC27DA11F38C9D200981C8B /* main.m in Sources */,
			);
			runOnlyForDeploymentPostprocessing = 0;
		};
/* End PBXSourcesBuildPhase section */

/* Begin PBXVariantGroup section */
		CFC27DA81F38C9D200981C8B /* Main.storyboard */ = {
			isa = PBXVariantGroup;
			children = (
				CFC27DA91F38C9D200981C8B /* Base */,
			);
			name = Main.storyboard;
			sourceTree = "<group>";
		};
		CFC27DAD1F38C9D200981C8B /* LaunchScreen.storyboard */ = {
			isa = PBXVariantGroup;
			children = (
				CFC27DAE1F38C9D200981C8B /* Base */,
			);
			name = LaunchScreen.storyboard;
			sourceTree = "<group>";
		};
/* End PBXVariantGroup section */

/* Begin XCBuildConfiguration section */
		CFC27DB11F38C9D200981C8B /* Debug */ = {
			isa = XCBuildConfiguration;
			buildSettings = {
				ALWAYS_SEARCH_USER_PATHS = NO;
				CLANG_ANALYZER_NONNULL = YES;
				CLANG_ANALYZER_NUMBER_OBJECT_CONVERSION = YES_AGGRESSIVE;
				CLANG_CXX_LANGUAGE_STANDARD = "gnu++0x";
				CLANG_CXX_LIBRARY = "libc++";
				CLANG_ENABLE_MODULES = YES;
				CLANG_ENABLE_OBJC_ARC = YES;
				CLANG_WARN_BOOL_CONVERSION = YES;
				CLANG_WARN_CONSTANT_CONVERSION = YES;
				CLANG_WARN_DIRECT_OBJC_ISA_USAGE = YES_ERROR;
				CLANG_WARN_DOCUMENTATION_COMMENTS = YES;
				CLANG_WARN_EMPTY_BODY = YES;
				CLANG_WARN_ENUM_CONVERSION = YES;
				CLANG_WARN_INFINITE_RECURSION = YES;
				CLANG_WARN_INT_CONVERSION = YES;
				CLANG_WARN_OBJC_ROOT_CLASS = YES_ERROR;
				CLANG_WARN_SUSPICIOUS_MOVE = YES;
				CLANG_WARN_UNREACHABLE_CODE = YES;
				CLANG_WARN__DUPLICATE_METHOD_MATCH = YES;
				"CODE_SIGN_IDENTITY[sdk=iphoneos*]" = "iPhone Developer";
				COPY_PHASE_STRIP = NO;
				DEBUG_INFORMATION_FORMAT = dwarf;
				ENABLE_STRICT_OBJC_MSGSEND = YES;
				ENABLE_TESTABILITY = YES;
				GCC_C_LANGUAGE_STANDARD = gnu99;
				GCC_DYNAMIC_NO_PIC = NO;
				GCC_NO_COMMON_BLOCKS = YES;
				GCC_OPTIMIZATION_LEVEL = 0;
				GCC_PREPROCESSOR_DEFINITIONS = (
					"DEBUG=1",
					"$(inherited)",
				);
				GCC_WARN_64_TO_32_BIT_CONVERSION = YES;
				GCC_WARN_ABOUT_RETURN_TYPE = YES_ERROR;
				GCC_WARN_UNDECLARED_SELECTOR = YES;
				GCC_WARN_UNINITIALIZED_AUTOS = YES_AGGRESSIVE;
				GCC_WARN_UNUSED_FUNCTION = YES;
				GCC_WARN_UNUSED_VARIABLE = YES;
				IPHONEOS_DEPLOYMENT_TARGET = 10.3;
				MTL_ENABLE_DEBUG_INFO = YES;
				ONLY_ACTIVE_ARCH = YES;
				SDKROOT = iphoneos;
			};
			name = Debug;
		};
		CFC27DB21F38C9D200981C8B /* Release */ = {
			isa = XCBuildConfiguration;
			buildSettings = {
				ALWAYS_SEARCH_USER_PATHS = NO;
				CLANG_ANALYZER_NONNULL = YES;
				CLANG_ANALYZER_NUMBER_OBJECT_CONVERSION = YES_AGGRESSIVE;
				CLANG_CXX_LANGUAGE_STANDARD = "gnu++0x";
				CLANG_CXX_LIBRARY = "libc++";
				CLANG_ENABLE_MODULES = YES;
				CLANG_ENABLE_OBJC_ARC = YES;
				CLANG_WARN_BOOL_CONVERSION = YES;
				CLANG_WARN_CONSTANT_CONVERSION = YES;
				CLANG_WARN_DIRECT_OBJC_ISA_USAGE = YES_ERROR;
				CLANG_WARN_DOCUMENTATION_COMMENTS = YES;
				CLANG_WARN_EMPTY_BODY = YES;
				CLANG_WARN_ENUM_CONVERSION = YES;
				CLANG_WARN_INFINITE_RECURSION = YES;
				CLANG_WARN_INT_CONVERSION = YES;
				CLANG_WARN_OBJC_ROOT_CLASS = YES_ERROR;
				CLANG_WARN_SUSPICIOUS_MOVE = YES;
				CLANG_WARN_UNREACHABLE_CODE = YES;
				CLANG_WARN__DUPLICATE_METHOD_MATCH = YES;
				"CODE_SIGN_IDENTITY[sdk=iphoneos*]" = "iPhone Developer";
				COPY_PHASE_STRIP = NO;
				DEBUG_INFORMATION_FORMAT = "dwarf-with-dsym";
				ENABLE_NS_ASSERTIONS = NO;
				ENABLE_STRICT_OBJC_MSGSEND = YES;
				GCC_C_LANGUAGE_STANDARD = gnu99;
				GCC_NO_COMMON_BLOCKS = YES;
				GCC_WARN_64_TO_32_BIT_CONVERSION = YES;
				GCC_WARN_ABOUT_RETURN_TYPE = YES_ERROR;
				GCC_WARN_UNDECLARED_SELECTOR = YES;
				GCC_WARN_UNINITIALIZED_AUTOS = YES_AGGRESSIVE;
				GCC_WARN_UNUSED_FUNCTION = YES;
				GCC_WARN_UNUSED_VARIABLE = YES;
				IPHONEOS_DEPLOYMENT_TARGET = 10.3;
				MTL_ENABLE_DEBUG_INFO = NO;
				SDKROOT = iphoneos;
				VALIDATE_PRODUCT = YES;
			};
			name = Release;
		};
		CFC27DB41F38C9D200981C8B /* Debug */ = {
			isa = XCBuildConfiguration;
			buildSettings = {
				ASSETCATALOG_COMPILER_APPICON_NAME = AppIcon;
				DEVELOPMENT_TEAM = ZWXN4J2VCP;
				INFOPLIST_FILE = ArrayExample/Info.plist;
				LD_RUNPATH_SEARCH_PATHS = "$(inherited) @executable_path/Frameworks";
				PRODUCT_BUNDLE_IDENTIFIER = NikolaiBaklanov.ArrayExample;
				PRODUCT_NAME = "$(TARGET_NAME)";
			};
			name = Debug;
		};
		CFC27DB51F38C9D200981C8B /* Release */ = {
			isa = XCBuildConfiguration;
			buildSettings = {
				ASSETCATALOG_COMPILER_APPICON_NAME = AppIcon;
				DEVELOPMENT_TEAM = ZWXN4J2VCP;
				INFOPLIST_FILE = ArrayExample/Info.plist;
				LD_RUNPATH_SEARCH_PATHS = "$(inherited) @executable_path/Frameworks";
				PRODUCT_BUNDLE_IDENTIFIER = NikolaiBaklanov.ArrayExample;
				PRODUCT_NAME = "$(TARGET_NAME)";
			};
			name = Release;
		};
/* End XCBuildConfiguration section */

/* Begin XCConfigurationList section */
		CFC27D971F38C9D100981C8B /* Build configuration list for PBXProject "ArrayExample" */ = {
			isa = XCConfigurationList;
			buildConfigurations = (
				CFC27DB11F38C9D200981C8B /* Debug */,
				CFC27DB21F38C9D200981C8B /* Release */,
			);
			defaultConfigurationIsVisible = 0;
			defaultConfigurationName = Release;
		};
		CFC27DB31F38C9D200981C8B /* Build configuration list for PBXNativeTarget "ArrayExample" */ = {
			isa = XCConfigurationList;
			buildConfigurations = (
				CFC27DB41F38C9D200981C8B /* Debug */,
				CFC27DB51F38C9D200981C8B /* Release */,
			);
			defaultConfigurationIsVisible = 0;
			defaultConfigurationName = Release;
		};
/* End XCConfigurationList section */
	};
	rootObject = CFC27D941F38C9D100981C8B /* Project object */;
}
