// !$*UTF8*$!
{
	archiveVersion = 1;
	classes = {
	};
	objectVersion = 50;
	objects = {

/* Begin PBXBuildFile section */
		795F046E239E25800088F279 /* AppDelegate.swift in Sources */ = {isa = PBXBuildFile; fileRef = 795F046D239E25800088F279 /* AppDelegate.swift */; };
		795F0470239E25800088F279 /* SceneDelegate.swift in Sources */ = {isa = PBXBuildFile; fileRef = 795F046F239E25800088F279 /* SceneDelegate.swift */; };
		795F0472239E25800088F279 /* ViewController.swift in Sources */ = {isa = PBXBuildFile; fileRef = 795F0471239E25800088F279 /* ViewController.swift */; };
		795F0475239E25800088F279 /* Main.storyboard in Resources */ = {isa = PBXBuildFile; fileRef = 795F0473239E25800088F279 /* Main.storyboard */; };
		795F0477239E25810088F279 /* Assets.xcassets in Resources */ = {isa = PBXBuildFile; fileRef = 795F0476239E25810088F279 /* Assets.xcassets */; };
		795F047A239E25810088F279 /* LaunchScreen.storyboard in Resources */ = {isa = PBXBuildFile; fileRef = 795F0478239E25810088F279 /* LaunchScreen.storyboard */; };
		795F0482239E31860088F279 /* CameraView.swift in Sources */ = {isa = PBXBuildFile; fileRef = 795F0481239E31860088F279 /* CameraView.swift */; };
		795F0484239E35A70088F279 /* Item.swift in Sources */ = {isa = PBXBuildFile; fileRef = 795F0483239E35A70088F279 /* Item.swift */; };
/* End PBXBuildFile section */

/* Begin PBXFileReference section */
		795F046A239E25800088F279 /* BugTest1.app */ = {isa = PBXFileReference; explicitFileType = wrapper.application; includeInIndex = 0; path = BugTest1.app; sourceTree = BUILT_PRODUCTS_DIR; };
		795F046D239E25800088F279 /* AppDelegate.swift */ = {isa = PBXFileReference; lastKnownFileType = sourcecode.swift; path = AppDelegate.swift; sourceTree = "<group>"; };
		795F046F239E25800088F279 /* SceneDelegate.swift */ = {isa = PBXFileReference; lastKnownFileType = sourcecode.swift; path = SceneDelegate.swift; sourceTree = "<group>"; };
		795F0471239E25800088F279 /* ViewController.swift */ = {isa = PBXFileReference; lastKnownFileType = sourcecode.swift; path = ViewController.swift; sourceTree = "<group>"; };
		795F0474239E25800088F279 /* Base */ = {isa = PBXFileReference; lastKnownFileType = file.storyboard; name = Base; path = Base.lproj/Main.storyboard; sourceTree = "<group>"; };
		795F0476239E25810088F279 /* Assets.xcassets */ = {isa = PBXFileReference; lastKnownFileType = folder.assetcatalog; path = Assets.xcassets; sourceTree = "<group>"; };
		795F0479239E25810088F279 /* Base */ = {isa = PBXFileReference; lastKnownFileType = file.storyboard; name = Base; path = Base.lproj/LaunchScreen.storyboard; sourceTree = "<group>"; };
		795F047B239E25810088F279 /* Info.plist */ = {isa = PBXFileReference; lastKnownFileType = text.plist.xml; path = Info.plist; sourceTree = "<group>"; };
		795F0481239E31860088F279 /* CameraView.swift */ = {isa = PBXFileReference; lastKnownFileType = sourcecode.swift; path = CameraView.swift; sourceTree = "<group>"; };
		795F0483239E35A70088F279 /* Item.swift */ = {isa = PBXFileReference; lastKnownFileType = sourcecode.swift; path = Item.swift; sourceTree = "<group>"; };
/* End PBXFileReference section */

/* Begin PBXFrameworksBuildPhase section */
		795F0467239E25800088F279 /* Frameworks */ = {
			isa = PBXFrameworksBuildPhase;
			buildActionMask = 2147483647;
			files = (
			);
			runOnlyForDeploymentPostprocessing = 0;
		};
/* End PBXFrameworksBuildPhase section */

/* Begin PBXGroup section */
		795F0461239E25800088F279 = {
			isa = PBXGroup;
			children = (
				795F046C239E25800088F279 /* BugTest1 */,
				795F046B239E25800088F279 /* Products */,
			);
			sourceTree = "<group>";
		};
		795F046B239E25800088F279 /* Products */ = {
			isa = PBXGroup;
			children = (
				795F046A239E25800088F279 /* BugTest1.app */,
			);
			name = Products;
			sourceTree = "<group>";
		};
		795F046C239E25800088F279 /* BugTest1 */ = {
			isa = PBXGroup;
			children = (
				795F046D239E25800088F279 /* AppDelegate.swift */,
				795F046F239E25800088F279 /* SceneDelegate.swift */,
				795F0471239E25800088F279 /* ViewController.swift */,
				795F0473239E25800088F279 /* Main.storyboard */,
				795F0476239E25810088F279 /* Assets.xcassets */,
				795F0478239E25810088F279 /* LaunchScreen.storyboard */,
				795F047B239E25810088F279 /* Info.plist */,
				795F0481239E31860088F279 /* CameraView.swift */,
				795F0483239E35A70088F279 /* Item.swift */,
			);
			path = BugTest1;
			sourceTree = "<group>";
		};
/* End PBXGroup section */

/* Begin PBXNativeTarget section */
		795F0469239E25800088F279 /* BugTest1 */ = {
			isa = PBXNativeTarget;
			buildConfigurationList = 795F047E239E25810088F279 /* Build configuration list for PBXNativeTarget "BugTest1" */;
			buildPhases = (
				795F0466239E25800088F279 /* Sources */,
				795F0467239E25800088F279 /* Frameworks */,
				795F0468239E25800088F279 /* Resources */,
			);
			buildRules = (
			);
			dependencies = (
			);
			name = BugTest1;
			productName = BugTest1;
			productReference = 795F046A239E25800088F279 /* BugTest1.app */;
			productType = "com.apple.product-type.application";
		};
/* End PBXNativeTarget section */

/* Begin PBXProject section */
		795F0462239E25800088F279 /* Project object */ = {
			isa = PBXProject;
			attributes = {
				LastSwiftUpdateCheck = 1110;
				LastUpgradeCheck = 1110;
				ORGANIZATIONNAME = "Nikolay Baklanov";
				TargetAttributes = {
					795F0469239E25800088F279 = {
						CreatedOnToolsVersion = 11.1;
					};
				};
			};
			buildConfigurationList = 795F0465239E25800088F279 /* Build configuration list for PBXProject "BugTest1" */;
			compatibilityVersion = "Xcode 9.3";
			developmentRegion = en;
			hasScannedForEncodings = 0;
			knownRegions = (
				en,
				Base,
			);
			mainGroup = 795F0461239E25800088F279;
			productRefGroup = 795F046B239E25800088F279 /* Products */;
			projectDirPath = "";
			projectRoot = "";
			targets = (
				795F0469239E25800088F279 /* BugTest1 */,
			);
		};
/* End PBXProject section */

/* Begin PBXResourcesBuildPhase section */
		795F0468239E25800088F279 /* Resources */ = {
			isa = PBXResourcesBuildPhase;
			buildActionMask = 2147483647;
			files = (
				795F047A239E25810088F279 /* LaunchScreen.storyboard in Resources */,
				795F0477239E25810088F279 /* Assets.xcassets in Resources */,
				795F0475239E25800088F279 /* Main.storyboard in Resources */,
			);
			runOnlyForDeploymentPostprocessing = 0;
		};
/* End PBXResourcesBuildPhase section */

/* Begin PBXSourcesBuildPhase section */
		795F0466239E25800088F279 /* Sources */ = {
			isa = PBXSourcesBuildPhase;
			buildActionMask = 2147483647;
			files = (
				795F0484239E35A70088F279 /* Item.swift in Sources */,
				795F0472239E25800088F279 /* ViewController.swift in Sources */,
				795F046E239E25800088F279 /* AppDelegate.swift in Sources */,
				795F0470239E25800088F279 /* SceneDelegate.swift in Sources */,
				795F0482239E31860088F279 /* CameraView.swift in Sources */,
			);
			runOnlyForDeploymentPostprocessing = 0;
		};
/* End PBXSourcesBuildPhase section */

/* Begin PBXVariantGroup section */
		795F0473239E25800088F279 /* Main.storyboard */ = {
			isa = PBXVariantGroup;
			children = (
				795F0474239E25800088F279 /* Base */,
			);
			name = Main.storyboard;
			sourceTree = "<group>";
		};
		795F0478239E25810088F279 /* LaunchScreen.storyboard */ = {
			isa = PBXVariantGroup;
			children = (
				795F0479239E25810088F279 /* Base */,
			);
			name = LaunchScreen.storyboard;
			sourceTree = "<group>";
		};
/* End PBXVariantGroup section */

/* Begin XCBuildConfiguration section */
		795F047C239E25810088F279 /* Debug */ = {
			isa = XCBuildConfiguration;
			buildSettings = {
				ALWAYS_SEARCH_USER_PATHS = NO;
				CLANG_ANALYZER_NONNULL = YES;
				CLANG_ANALYZER_NUMBER_OBJECT_CONVERSION = YES_AGGRESSIVE;
				CLANG_CXX_LANGUAGE_STANDARD = "gnu++14";
				CLANG_CXX_LIBRARY = "libc++";
				CLANG_ENABLE_MODULES = YES;
				CLANG_ENABLE_OBJC_ARC = YES;
				CLANG_ENABLE_OBJC_WEAK = YES;
				CLANG_WARN_BLOCK_CAPTURE_AUTORELEASING = YES;
				CLANG_WARN_BOOL_CONVERSION = YES;
				CLANG_WARN_COMMA = YES;
				CLANG_WARN_CONSTANT_CONVERSION = YES;
				CLANG_WARN_DEPRECATED_OBJC_IMPLEMENTATIONS = YES;
				CLANG_WARN_DIRECT_OBJC_ISA_USAGE = YES_ERROR;
				CLANG_WARN_DOCUMENTATION_COMMENTS = YES;
				CLANG_WARN_EMPTY_BODY = YES;
				CLANG_WARN_ENUM_CONVERSION = YES;
				CLANG_WARN_INFINITE_RECURSION = YES;
				CLANG_WARN_INT_CONVERSION = YES;
				CLANG_WARN_NON_LITERAL_NULL_CONVERSION = YES;
				CLANG_WARN_OBJC_IMPLICIT_RETAIN_SELF = YES;
				CLANG_WARN_OBJC_LITERAL_CONVERSION = YES;
				CLANG_WARN_OBJC_ROOT_CLASS = YES_ERROR;
				CLANG_WARN_RANGE_LOOP_ANALYSIS = YES;
				CLANG_WARN_STRICT_PROTOTYPES = YES;
				CLANG_WARN_SUSPICIOUS_MOVE = YES;
				CLANG_WARN_UNGUARDED_AVAILABILITY = YES_AGGRESSIVE;
				CLANG_WARN_UNREACHABLE_CODE = YES;
				CLANG_WARN__DUPLICATE_METHOD_MATCH = YES;
				COPY_PHASE_STRIP = NO;
				DEBUG_INFORMATION_FORMAT = dwarf;
				ENABLE_STRICT_OBJC_MSGSEND = YES;
				ENABLE_TESTABILITY = YES;
				GCC_C_LANGUAGE_STANDARD = gnu11;
				GCC_DYNAMIC_NO_PIC = NO;
				GCC_NO_COMMON_BLOCKS = YES;
				GCC_OPTIMIZATION_LEVEL = 0;
				GCC_PREPROCESSOR_DEFINITIONS = (
					"DEBUG=1",
					"$(inherited)",
				);
				GCC_WARN_64_TO_32_BIT_CONVERSION = YES;
				GCC_WARN_ABOUT_RETURN_TYPE = YES_ERROR;
				GCC_WARN_UNDECLARED_SELECTOR = YES;
				GCC_WARN_UNINITIALIZED_AUTOS = YES_AGGRESSIVE;
				GCC_WARN_UNUSED_FUNCTION = YES;
				GCC_WARN_UNUSED_VARIABLE = YES;
				IPHONEOS_DEPLOYMENT_TARGET = 11.0;
				MTL_ENABLE_DEBUG_INFO = INCLUDE_SOURCE;
				MTL_FAST_MATH = YES;
				ONLY_ACTIVE_ARCH = YES;
				SDKROOT = iphoneos;
				SWIFT_ACTIVE_COMPILATION_CONDITIONS = DEBUG;
				SWIFT_OPTIMIZATION_LEVEL = "-Onone";
			};
			name = Debug;
		};
		795F047D239E25810088F279 /* Release */ = {
			isa = XCBuildConfiguration;
			buildSettings = {
				ALWAYS_SEARCH_USER_PATHS = NO;
				CLANG_ANALYZER_NONNULL = YES;
				CLANG_ANALYZER_NUMBER_OBJECT_CONVERSION = YES_AGGRESSIVE;
				CLANG_CXX_LANGUAGE_STANDARD = "gnu++14";
				CLANG_CXX_LIBRARY = "libc++";
				CLANG_ENABLE_MODULES = YES;
				CLANG_ENABLE_OBJC_ARC = YES;
				CLANG_ENABLE_OBJC_WEAK = YES;
				CLANG_WARN_BLOCK_CAPTURE_AUTORELEASING = YES;
				CLANG_WARN_BOOL_CONVERSION = YES;
				CLANG_WARN_COMMA = YES;
				CLANG_WARN_CONSTANT_CONVERSION = YES;
				CLANG_WARN_DEPRECATED_OBJC_IMPLEMENTATIONS = YES;
				CLANG_WARN_DIRECT_OBJC_ISA_USAGE = YES_ERROR;
				CLANG_WARN_DOCUMENTATION_COMMENTS = YES;
				CLANG_WARN_EMPTY_BODY = YES;
				CLANG_WARN_ENUM_CONVERSION = YES;
				CLANG_WARN_INFINITE_RECURSION = YES;
				CLANG_WARN_INT_CONVERSION = YES;
				CLANG_WARN_NON_LITERAL_NULL_CONVERSION = YES;
				CLANG_WARN_OBJC_IMPLICIT_RETAIN_SELF = YES;
				CLANG_WARN_OBJC_LITERAL_CONVERSION = YES;
				CLANG_WARN_OBJC_ROOT_CLASS = YES_ERROR;
				CLANG_WARN_RANGE_LOOP_ANALYSIS = YES;
				CLANG_WARN_STRICT_PROTOTYPES = YES;
				CLANG_WARN_SUSPICIOUS_MOVE = YES;
				CLANG_WARN_UNGUARDED_AVAILABILITY = YES_AGGRESSIVE;
				CLANG_WARN_UNREACHABLE_CODE = YES;
				CLANG_WARN__DUPLICATE_METHOD_MATCH = YES;
				COPY_PHASE_STRIP = NO;
				DEBUG_INFORMATION_FORMAT = "dwarf-with-dsym";
				ENABLE_NS_ASSERTIONS = NO;
				ENABLE_STRICT_OBJC_MSGSEND = YES;
				GCC_C_LANGUAGE_STANDARD = gnu11;
				GCC_NO_COMMON_BLOCKS = YES;
				GCC_WARN_64_TO_32_BIT_CONVERSION = YES;
				GCC_WARN_ABOUT_RETURN_TYPE = YES_ERROR;
				GCC_WARN_UNDECLARED_SELECTOR = YES;
				GCC_WARN_UNINITIALIZED_AUTOS = YES_AGGRESSIVE;
				GCC_WARN_UNUSED_FUNCTION = YES;
				GCC_WARN_UNUSED_VARIABLE = YES;
				IPHONEOS_DEPLOYMENT_TARGET = 11.0;
				MTL_ENABLE_DEBUG_INFO = NO;
				MTL_FAST_MATH = YES;
				SDKROOT = iphoneos;
				SWIFT_COMPILATION_MODE = wholemodule;
				SWIFT_OPTIMIZATION_LEVEL = "-O";
				VALIDATE_PRODUCT = YES;
			};
			name = Release;
		};
		795F047F239E25810088F279 /* Debug */ = {
			isa = XCBuildConfiguration;
			buildSettings = {
				ASSETCATALOG_COMPILER_APPICON_NAME = AppIcon;
				CODE_SIGN_STYLE = Automatic;
				DEVELOPMENT_TEAM = HRA638G7C3;
				INFOPLIST_FILE = BugTest1/Info.plist;
				LD_RUNPATH_SEARCH_PATHS = (
					"$(inherited)",
					"@executable_path/Frameworks",
				);
				PRODUCT_BUNDLE_IDENTIFIER = com.issart.test.BugTest1;
				PRODUCT_NAME = "$(TARGET_NAME)";
				SWIFT_VERSION = 5.0;
				TARGETED_DEVICE_FAMILY = "1,2";
			};
			name = Debug;
		};
		795F0480239E25810088F279 /* Release */ = {
			isa = XCBuildConfiguration;
			buildSettings = {
				ASSETCATALOG_COMPILER_APPICON_NAME = AppIcon;
				CODE_SIGN_STYLE = Automatic;
				DEVELOPMENT_TEAM = HRA638G7C3;
				INFOPLIST_FILE = BugTest1/Info.plist;
				LD_RUNPATH_SEARCH_PATHS = (
					"$(inherited)",
					"@executable_path/Frameworks",
				);
				PRODUCT_BUNDLE_IDENTIFIER = com.issart.test.BugTest1;
				PRODUCT_NAME = "$(TARGET_NAME)";
				SWIFT_VERSION = 5.0;
				TARGETED_DEVICE_FAMILY = "1,2";
			};
			name = Release;
		};
/* End XCBuildConfiguration section */

/* Begin XCConfigurationList section */
		795F0465239E25800088F279 /* Build configuration list for PBXProject "BugTest1" */ = {
			isa = XCConfigurationList;
			buildConfigurations = (
				795F047C239E25810088F279 /* Debug */,
				795F047D239E25810088F279 /* Release */,
			);
			defaultConfigurationIsVisible = 0;
			defaultConfigurationName = Release;
		};
		795F047E239E25810088F279 /* Build configuration list for PBXNativeTarget "BugTest1" */ = {
			isa = XCConfigurationList;
			buildConfigurations = (
				795F047F239E25810088F279 /* Debug */,
				795F0480239E25810088F279 /* Release */,
			);
			defaultConfigurationIsVisible = 0;
			defaultConfigurationName = Release;
		};
/* End XCConfigurationList section */
	};
	rootObject = 795F0462239E25800088F279 /* Project object */;
}
